// !$*UTF8*$!
{
	archiveVersion = 1;
	classes = {
	};
	objectVersion = 56;
	objects = {

/* Begin PBXBuildFile section */
		D23663F52A29FC5800D6CDD6 /* .gitIgnore in Resources */ = {isa = PBXBuildFile; fileRef = D23663F42A29FC5800D6CDD6 /* .gitIgnore */; };
		D23663FD2A2A010C00D6CDD6 /* NetworkRepositoryTests.swift in Sources */ = {isa = PBXBuildFile; fileRef = D23663FC2A2A010C00D6CDD6 /* NetworkRepositoryTests.swift */; };
		D23664042A2A02CD00D6CDD6 /* StubURLSession.swift in Sources */ = {isa = PBXBuildFile; fileRef = D23664032A2A02CD00D6CDD6 /* StubURLSession.swift */; };
		D24807862A1FBB3900922838 /* ContentCollectionHeaderView.swift in Sources */ = {isa = PBXBuildFile; fileRef = D24807852A1FBB3900922838 /* ContentCollectionHeaderView.swift */; };
		D24807892A1FBFDD00922838 /* ReusableView.swift in Sources */ = {isa = PBXBuildFile; fileRef = D24807882A1FBFDD00922838 /* ReusableView.swift */; };
		D248078B2A1FC18000922838 /* TimelyCollectionViewCell.swift in Sources */ = {isa = PBXBuildFile; fileRef = D248078A2A1FC18000922838 /* TimelyCollectionViewCell.swift */; };
		D276AB7A2A29F225007E3677 /* URLSessionTests.swift in Sources */ = {isa = PBXBuildFile; fileRef = D276AB792A29F225007E3677 /* URLSessionTests.swift */; };
		D276AB842A29F3C8007E3677 /* URLSessionProtocol.swift in Sources */ = {isa = PBXBuildFile; fileRef = D276AB832A29F3C8007E3677 /* URLSessionProtocol.swift */; };
		D2D3FCAC2A1DB83E000039FD /* AppDelegate.swift in Sources */ = {isa = PBXBuildFile; fileRef = D2D3FCAB2A1DB83E000039FD /* AppDelegate.swift */; };
		D2D3FCAE2A1DB83E000039FD /* SceneDelegate.swift in Sources */ = {isa = PBXBuildFile; fileRef = D2D3FCAD2A1DB83E000039FD /* SceneDelegate.swift */; };
		D2D3FCB02A1DB83F000039FD /* WeatherViewController.swift in Sources */ = {isa = PBXBuildFile; fileRef = D2D3FCAF2A1DB83E000039FD /* WeatherViewController.swift */; };
		D2D3FCB52A1DB841000039FD /* Assets.xcassets in Resources */ = {isa = PBXBuildFile; fileRef = D2D3FCB42A1DB841000039FD /* Assets.xcassets */; };
		D2D3FCB82A1DB841000039FD /* LaunchScreen.storyboard in Resources */ = {isa = PBXBuildFile; fileRef = D2D3FCB62A1DB841000039FD /* LaunchScreen.storyboard */; };
		D2D3FCC42A1DBAFD000039FD /* EndPoint.swift in Sources */ = {isa = PBXBuildFile; fileRef = D2D3FCC32A1DBAFD000039FD /* EndPoint.swift */; };
		D2D3FCC62A1E190C000039FD /* NetworkService.swift in Sources */ = {isa = PBXBuildFile; fileRef = D2D3FCC52A1E190C000039FD /* NetworkService.swift */; };
		D2D3FCCA2A1E1BAE000039FD /* CurrentWeather.swift in Sources */ = {isa = PBXBuildFile; fileRef = D2D3FCC92A1E1BAE000039FD /* CurrentWeather.swift */; };
		D2D3FCCD2A1E1F22000039FD /* NetworkRepository.swift in Sources */ = {isa = PBXBuildFile; fileRef = D2D3FCCC2A1E1F22000039FD /* NetworkRepository.swift */; };
		D2D3FCCF2A1E2435000039FD /* NetworkError.swift in Sources */ = {isa = PBXBuildFile; fileRef = D2D3FCCE2A1E2435000039FD /* NetworkError.swift */; };
		D2D3FCD32A1FA71B000039FD /* WeatherViewModel.swift in Sources */ = {isa = PBXBuildFile; fileRef = D2D3FCD22A1FA71B000039FD /* WeatherViewModel.swift */; };
/* End PBXBuildFile section */

/* Begin PBXContainerItemProxy section */
		D23663FE2A2A010C00D6CDD6 /* PBXContainerItemProxy */ = {
			isa = PBXContainerItemProxy;
			containerPortal = D2D3FCA02A1DB83E000039FD /* Project object */;
			proxyType = 1;
			remoteGlobalIDString = D2D3FCA72A1DB83E000039FD;
			remoteInfo = Weather;
		};
		D276AB7B2A29F225007E3677 /* PBXContainerItemProxy */ = {
			isa = PBXContainerItemProxy;
			containerPortal = D2D3FCA02A1DB83E000039FD /* Project object */;
			proxyType = 1;
			remoteGlobalIDString = D2D3FCA72A1DB83E000039FD;
			remoteInfo = Weather;
		};
/* End PBXContainerItemProxy section */

/* Begin PBXFileReference section */
		D23663F42A29FC5800D6CDD6 /* .gitIgnore */ = {isa = PBXFileReference; lastKnownFileType = text; path = .gitIgnore; sourceTree = "<group>"; };
		D23663FA2A2A010C00D6CDD6 /* NetworkRepositoryTests.xctest */ = {isa = PBXFileReference; explicitFileType = wrapper.cfbundle; includeInIndex = 0; path = NetworkRepositoryTests.xctest; sourceTree = BUILT_PRODUCTS_DIR; };
		D23663FC2A2A010C00D6CDD6 /* NetworkRepositoryTests.swift */ = {isa = PBXFileReference; lastKnownFileType = sourcecode.swift; path = NetworkRepositoryTests.swift; sourceTree = "<group>"; };
		D23664032A2A02CD00D6CDD6 /* StubURLSession.swift */ = {isa = PBXFileReference; lastKnownFileType = sourcecode.swift; path = StubURLSession.swift; sourceTree = "<group>"; };
		D24807852A1FBB3900922838 /* ContentCollectionHeaderView.swift */ = {isa = PBXFileReference; lastKnownFileType = sourcecode.swift; path = ContentCollectionHeaderView.swift; sourceTree = "<group>"; };
		D24807882A1FBFDD00922838 /* ReusableView.swift */ = {isa = PBXFileReference; lastKnownFileType = sourcecode.swift; path = ReusableView.swift; sourceTree = "<group>"; };
		D248078A2A1FC18000922838 /* TimelyCollectionViewCell.swift */ = {isa = PBXFileReference; lastKnownFileType = sourcecode.swift; path = TimelyCollectionViewCell.swift; sourceTree = "<group>"; };
		D276AB772A29F224007E3677 /* URLSessionTests.xctest */ = {isa = PBXFileReference; explicitFileType = wrapper.cfbundle; includeInIndex = 0; path = URLSessionTests.xctest; sourceTree = BUILT_PRODUCTS_DIR; };
		D276AB792A29F225007E3677 /* URLSessionTests.swift */ = {isa = PBXFileReference; lastKnownFileType = sourcecode.swift; path = URLSessionTests.swift; sourceTree = "<group>"; };
		D276AB832A29F3C8007E3677 /* URLSessionProtocol.swift */ = {isa = PBXFileReference; lastKnownFileType = sourcecode.swift; path = URLSessionProtocol.swift; sourceTree = "<group>"; };
		D2D3FCA82A1DB83E000039FD /* Weather.app */ = {isa = PBXFileReference; explicitFileType = wrapper.application; includeInIndex = 0; path = Weather.app; sourceTree = BUILT_PRODUCTS_DIR; };
		D2D3FCAB2A1DB83E000039FD /* AppDelegate.swift */ = {isa = PBXFileReference; lastKnownFileType = sourcecode.swift; path = AppDelegate.swift; sourceTree = "<group>"; };
		D2D3FCAD2A1DB83E000039FD /* SceneDelegate.swift */ = {isa = PBXFileReference; lastKnownFileType = sourcecode.swift; path = SceneDelegate.swift; sourceTree = "<group>"; };
		D2D3FCAF2A1DB83E000039FD /* WeatherViewController.swift */ = {isa = PBXFileReference; lastKnownFileType = sourcecode.swift; path = WeatherViewController.swift; sourceTree = "<group>"; };
		D2D3FCB42A1DB841000039FD /* Assets.xcassets */ = {isa = PBXFileReference; lastKnownFileType = folder.assetcatalog; path = Assets.xcassets; sourceTree = "<group>"; };
		D2D3FCB72A1DB841000039FD /* Base */ = {isa = PBXFileReference; lastKnownFileType = file.storyboard; name = Base; path = Base.lproj/LaunchScreen.storyboard; sourceTree = "<group>"; };
		D2D3FCB92A1DB841000039FD /* Info.plist */ = {isa = PBXFileReference; lastKnownFileType = text.plist.xml; path = Info.plist; sourceTree = "<group>"; };
		D2D3FCC32A1DBAFD000039FD /* EndPoint.swift */ = {isa = PBXFileReference; lastKnownFileType = sourcecode.swift; path = EndPoint.swift; sourceTree = "<group>"; };
		D2D3FCC52A1E190C000039FD /* NetworkService.swift */ = {isa = PBXFileReference; lastKnownFileType = sourcecode.swift; path = NetworkService.swift; sourceTree = "<group>"; };
		D2D3FCC92A1E1BAE000039FD /* CurrentWeather.swift */ = {isa = PBXFileReference; lastKnownFileType = sourcecode.swift; path = CurrentWeather.swift; sourceTree = "<group>"; };
		D2D3FCCC2A1E1F22000039FD /* NetworkRepository.swift */ = {isa = PBXFileReference; lastKnownFileType = sourcecode.swift; path = NetworkRepository.swift; sourceTree = "<group>"; };
		D2D3FCCE2A1E2435000039FD /* NetworkError.swift */ = {isa = PBXFileReference; lastKnownFileType = sourcecode.swift; path = NetworkError.swift; sourceTree = "<group>"; };
		D2D3FCD22A1FA71B000039FD /* WeatherViewModel.swift */ = {isa = PBXFileReference; lastKnownFileType = sourcecode.swift; path = WeatherViewModel.swift; sourceTree = "<group>"; };
/* End PBXFileReference section */

/* Begin PBXFrameworksBuildPhase section */
		D23663F72A2A010C00D6CDD6 /* Frameworks */ = {
			isa = PBXFrameworksBuildPhase;
			buildActionMask = 2147483647;
			files = (
			);
			runOnlyForDeploymentPostprocessing = 0;
		};
		D276AB742A29F224007E3677 /* Frameworks */ = {
			isa = PBXFrameworksBuildPhase;
			buildActionMask = 2147483647;
			files = (
			);
			runOnlyForDeploymentPostprocessing = 0;
		};
		D2D3FCA52A1DB83E000039FD /* Frameworks */ = {
			isa = PBXFrameworksBuildPhase;
			buildActionMask = 2147483647;
			files = (
			);
			runOnlyForDeploymentPostprocessing = 0;
		};
/* End PBXFrameworksBuildPhase section */

/* Begin PBXGroup section */
		D23663FB2A2A010C00D6CDD6 /* NetworkRepositoryTests */ = {
			isa = PBXGroup;
			children = (
				D23663FC2A2A010C00D6CDD6 /* NetworkRepositoryTests.swift */,
			);
			path = NetworkRepositoryTests;
			sourceTree = "<group>";
		};
		D24807812A1FB5CE00922838 /* CustomView */ = {
			isa = PBXGroup;
			children = (
				D24807872A1FBB4200922838 /* Header */,
				D24807822A1FB7A500922838 /* Cell */,
				D24807882A1FBFDD00922838 /* ReusableView.swift */,
			);
			path = CustomView;
			sourceTree = "<group>";
		};
		D24807822A1FB7A500922838 /* Cell */ = {
			isa = PBXGroup;
			children = (
				D248078A2A1FC18000922838 /* TimelyCollectionViewCell.swift */,
			);
			path = Cell;
			sourceTree = "<group>";
		};
		D24807872A1FBB4200922838 /* Header */ = {
			isa = PBXGroup;
			children = (
				D24807852A1FBB3900922838 /* ContentCollectionHeaderView.swift */,
			);
			path = Header;
			sourceTree = "<group>";
		};
		D276AB782A29F224007E3677 /* URLSessionTests */ = {
			isa = PBXGroup;
			children = (
				D276AB792A29F225007E3677 /* URLSessionTests.swift */,
			);
			path = URLSessionTests;
			sourceTree = "<group>";
		};
		D276AB802A29F24F007E3677 /* Tests */ = {
			isa = PBXGroup;
			children = (
				D276AB812A29F282007E3677 /* Repository */,
			);
			path = Tests;
			sourceTree = "<group>";
		};
		D276AB812A29F282007E3677 /* Repository */ = {
			isa = PBXGroup;
			children = (
				D23663FB2A2A010C00D6CDD6 /* NetworkRepositoryTests */,
				D276AB782A29F224007E3677 /* URLSessionTests */,
			);
			path = Repository;
			sourceTree = "<group>";
		};
		D276AB822A29F3AF007E3677 /* TestDouble */ = {
			isa = PBXGroup;
			children = (
				D276AB832A29F3C8007E3677 /* URLSessionProtocol.swift */,
				D23664032A2A02CD00D6CDD6 /* StubURLSession.swift */,
			);
			path = TestDouble;
			sourceTree = "<group>";
		};
		D2D3FC9F2A1DB83E000039FD = {
			isa = PBXGroup;
			children = (
				D23663F42A29FC5800D6CDD6 /* .gitIgnore */,
				D276AB802A29F24F007E3677 /* Tests */,
				D2D3FCAA2A1DB83E000039FD /* Weather */,
				D2D3FCA92A1DB83E000039FD /* Products */,
			);
			sourceTree = "<group>";
		};
		D2D3FCA92A1DB83E000039FD /* Products */ = {
			isa = PBXGroup;
			children = (
				D2D3FCA82A1DB83E000039FD /* Weather.app */,
				D276AB772A29F224007E3677 /* URLSessionTests.xctest */,
				D23663FA2A2A010C00D6CDD6 /* NetworkRepositoryTests.xctest */,
			);
			name = Products;
			sourceTree = "<group>";
		};
		D2D3FCAA2A1DB83E000039FD /* Weather */ = {
			isa = PBXGroup;
			children = (
				D276AB822A29F3AF007E3677 /* TestDouble */,
				D2D3FCC82A1E1B7C000039FD /* Application */,
				D2D3FCC72A1E1B61000039FD /* View */,
				D2D3FCBF2A1DBA00000039FD /* Service */,
				D2D3FCC12A1DBA7F000039FD /* Domain */,
				D2D3FCB42A1DB841000039FD /* Assets.xcassets */,
				D2D3FCB92A1DB841000039FD /* Info.plist */,
			);
			path = Weather;
			sourceTree = "<group>";
		};
		D2D3FCBF2A1DBA00000039FD /* Service */ = {
			isa = PBXGroup;
			children = (
				D2D3FCC32A1DBAFD000039FD /* EndPoint.swift */,
				D2D3FCC52A1E190C000039FD /* NetworkService.swift */,
			);
			path = Service;
			sourceTree = "<group>";
		};
		D2D3FCC02A1DBA0D000039FD /* Entity */ = {
			isa = PBXGroup;
			children = (
				D2D3FCC92A1E1BAE000039FD /* CurrentWeather.swift */,
			);
			path = Entity;
			sourceTree = "<group>";
		};
		D2D3FCC12A1DBA7F000039FD /* Domain */ = {
			isa = PBXGroup;
			children = (
				D2D3FCC22A1DBA87000039FD /* Repository */,
				D2D3FCC02A1DBA0D000039FD /* Entity */,
			);
			path = Domain;
			sourceTree = "<group>";
		};
		D2D3FCC22A1DBA87000039FD /* Repository */ = {
			isa = PBXGroup;
			children = (
				D2D3FCCC2A1E1F22000039FD /* NetworkRepository.swift */,
				D2D3FCCE2A1E2435000039FD /* NetworkError.swift */,
			);
			path = Repository;
			sourceTree = "<group>";
		};
		D2D3FCC72A1E1B61000039FD /* View */ = {
			isa = PBXGroup;
			children = (
				D24807812A1FB5CE00922838 /* CustomView */,
				D2D3FCCB2A1E1DFE000039FD /* MainView */,
				D2D3FCB62A1DB841000039FD /* LaunchScreen.storyboard */,
			);
			path = View;
			sourceTree = "<group>";
		};
		D2D3FCC82A1E1B7C000039FD /* Application */ = {
			isa = PBXGroup;
			children = (
				D2D3FCAB2A1DB83E000039FD /* AppDelegate.swift */,
				D2D3FCAD2A1DB83E000039FD /* SceneDelegate.swift */,
			);
			path = Application;
			sourceTree = "<group>";
		};
		D2D3FCCB2A1E1DFE000039FD /* MainView */ = {
			isa = PBXGroup;
			children = (
				D2D3FCAF2A1DB83E000039FD /* WeatherViewController.swift */,
				D2D3FCD22A1FA71B000039FD /* WeatherViewModel.swift */,
			);
			path = MainView;
			sourceTree = "<group>";
		};
/* End PBXGroup section */

/* Begin PBXNativeTarget section */
		D23663F92A2A010C00D6CDD6 /* NetworkRepositoryTests */ = {
			isa = PBXNativeTarget;
			buildConfigurationList = D23664002A2A010C00D6CDD6 /* Build configuration list for PBXNativeTarget "NetworkRepositoryTests" */;
			buildPhases = (
				D23663F62A2A010C00D6CDD6 /* Sources */,
				D23663F72A2A010C00D6CDD6 /* Frameworks */,
				D23663F82A2A010C00D6CDD6 /* Resources */,
			);
			buildRules = (
			);
			dependencies = (
				D23663FF2A2A010C00D6CDD6 /* PBXTargetDependency */,
			);
			name = NetworkRepositoryTests;
			productName = NetworkRepositoryTests;
			productReference = D23663FA2A2A010C00D6CDD6 /* NetworkRepositoryTests.xctest */;
			productType = "com.apple.product-type.bundle.unit-test";
		};
		D276AB762A29F224007E3677 /* URLSessionTests */ = {
			isa = PBXNativeTarget;
			buildConfigurationList = D276AB7D2A29F225007E3677 /* Build configuration list for PBXNativeTarget "URLSessionTests" */;
			buildPhases = (
				D276AB732A29F224007E3677 /* Sources */,
				D276AB742A29F224007E3677 /* Frameworks */,
				D276AB752A29F224007E3677 /* Resources */,
			);
			buildRules = (
			);
			dependencies = (
				D276AB7C2A29F225007E3677 /* PBXTargetDependency */,
			);
			name = URLSessionTests;
			productName = NetworkRepositoryTests;
			productReference = D276AB772A29F224007E3677 /* URLSessionTests.xctest */;
			productType = "com.apple.product-type.bundle.unit-test";
		};
		D2D3FCA72A1DB83E000039FD /* Weather */ = {
			isa = PBXNativeTarget;
			buildConfigurationList = D2D3FCBC2A1DB841000039FD /* Build configuration list for PBXNativeTarget "Weather" */;
			buildPhases = (
				D2D3FCA42A1DB83E000039FD /* Sources */,
				D2D3FCA52A1DB83E000039FD /* Frameworks */,
				D2D3FCA62A1DB83E000039FD /* Resources */,
			);
			buildRules = (
			);
			dependencies = (
			);
			name = Weather;
			productName = Weather;
			productReference = D2D3FCA82A1DB83E000039FD /* Weather.app */;
			productType = "com.apple.product-type.application";
		};
/* End PBXNativeTarget section */

/* Begin PBXProject section */
		D2D3FCA02A1DB83E000039FD /* Project object */ = {
			isa = PBXProject;
			attributes = {
				BuildIndependentTargetsInParallel = 1;
				LastSwiftUpdateCheck = 1430;
				LastUpgradeCheck = 1430;
				TargetAttributes = {
					D23663F92A2A010C00D6CDD6 = {
						CreatedOnToolsVersion = 14.3.1;
						TestTargetID = D2D3FCA72A1DB83E000039FD;
					};
					D276AB762A29F224007E3677 = {
						CreatedOnToolsVersion = 14.3.1;
						TestTargetID = D2D3FCA72A1DB83E000039FD;
					};
					D2D3FCA72A1DB83E000039FD = {
						CreatedOnToolsVersion = 14.3;
					};
				};
			};
			buildConfigurationList = D2D3FCA32A1DB83E000039FD /* Build configuration list for PBXProject "Weather" */;
			compatibilityVersion = "Xcode 14.0";
			developmentRegion = en;
			hasScannedForEncodings = 0;
			knownRegions = (
				en,
				Base,
			);
			mainGroup = D2D3FC9F2A1DB83E000039FD;
			productRefGroup = D2D3FCA92A1DB83E000039FD /* Products */;
			projectDirPath = "";
			projectRoot = "";
			targets = (
				D2D3FCA72A1DB83E000039FD /* Weather */,
				D276AB762A29F224007E3677 /* URLSessionTests */,
				D23663F92A2A010C00D6CDD6 /* NetworkRepositoryTests */,
			);
		};
/* End PBXProject section */

/* Begin PBXResourcesBuildPhase section */
		D23663F82A2A010C00D6CDD6 /* Resources */ = {
			isa = PBXResourcesBuildPhase;
			buildActionMask = 2147483647;
			files = (
			);
			runOnlyForDeploymentPostprocessing = 0;
		};
		D276AB752A29F224007E3677 /* Resources */ = {
			isa = PBXResourcesBuildPhase;
			buildActionMask = 2147483647;
			files = (
			);
			runOnlyForDeploymentPostprocessing = 0;
		};
		D2D3FCA62A1DB83E000039FD /* Resources */ = {
			isa = PBXResourcesBuildPhase;
			buildActionMask = 2147483647;
			files = (
				D23663F52A29FC5800D6CDD6 /* .gitIgnore in Resources */,
				D2D3FCB82A1DB841000039FD /* LaunchScreen.storyboard in Resources */,
				D2D3FCB52A1DB841000039FD /* Assets.xcassets in Resources */,
			);
			runOnlyForDeploymentPostprocessing = 0;
		};
/* End PBXResourcesBuildPhase section */

/* Begin PBXSourcesBuildPhase section */
		D23663F62A2A010C00D6CDD6 /* Sources */ = {
			isa = PBXSourcesBuildPhase;
			buildActionMask = 2147483647;
			files = (
				D23663FD2A2A010C00D6CDD6 /* NetworkRepositoryTests.swift in Sources */,
			);
			runOnlyForDeploymentPostprocessing = 0;
		};
		D276AB732A29F224007E3677 /* Sources */ = {
			isa = PBXSourcesBuildPhase;
			buildActionMask = 2147483647;
			files = (
				D276AB7A2A29F225007E3677 /* URLSessionTests.swift in Sources */,
			);
			runOnlyForDeploymentPostprocessing = 0;
		};
		D2D3FCA42A1DB83E000039FD /* Sources */ = {
			isa = PBXSourcesBuildPhase;
			buildActionMask = 2147483647;
			files = (
				D2D3FCCD2A1E1F22000039FD /* NetworkRepository.swift in Sources */,
				D2D3FCCF2A1E2435000039FD /* NetworkError.swift in Sources */,
				D24807892A1FBFDD00922838 /* ReusableView.swift in Sources */,
				D2D3FCC62A1E190C000039FD /* NetworkService.swift in Sources */,
				D2D3FCB02A1DB83F000039FD /* WeatherViewController.swift in Sources */,
				D2D3FCCA2A1E1BAE000039FD /* CurrentWeather.swift in Sources */,
				D2D3FCAC2A1DB83E000039FD /* AppDelegate.swift in Sources */,
				D2D3FCC42A1DBAFD000039FD /* EndPoint.swift in Sources */,
				D276AB842A29F3C8007E3677 /* URLSessionProtocol.swift in Sources */,
				D248078B2A1FC18000922838 /* TimelyCollectionViewCell.swift in Sources */,
				D24807862A1FBB3900922838 /* ContentCollectionHeaderView.swift in Sources */,
				D2D3FCAE2A1DB83E000039FD /* SceneDelegate.swift in Sources */,
				D23664042A2A02CD00D6CDD6 /* StubURLSession.swift in Sources */,
				D2D3FCD32A1FA71B000039FD /* WeatherViewModel.swift in Sources */,
			);
			runOnlyForDeploymentPostprocessing = 0;
		};
/* End PBXSourcesBuildPhase section */

/* Begin PBXTargetDependency section */
		D23663FF2A2A010C00D6CDD6 /* PBXTargetDependency */ = {
			isa = PBXTargetDependency;
			target = D2D3FCA72A1DB83E000039FD /* Weather */;
			targetProxy = D23663FE2A2A010C00D6CDD6 /* PBXContainerItemProxy */;
		};
		D276AB7C2A29F225007E3677 /* PBXTargetDependency */ = {
			isa = PBXTargetDependency;
			target = D2D3FCA72A1DB83E000039FD /* Weather */;
			targetProxy = D276AB7B2A29F225007E3677 /* PBXContainerItemProxy */;
		};
/* End PBXTargetDependency section */

/* Begin PBXVariantGroup section */
		D2D3FCB62A1DB841000039FD /* LaunchScreen.storyboard */ = {
			isa = PBXVariantGroup;
			children = (
				D2D3FCB72A1DB841000039FD /* Base */,
			);
			name = LaunchScreen.storyboard;
			sourceTree = "<group>";
		};
/* End PBXVariantGroup section */

/* Begin XCBuildConfiguration section */
		D23664012A2A010C00D6CDD6 /* Debug */ = {
			isa = XCBuildConfiguration;
			buildSettings = {
				BUNDLE_LOADER = "$(TEST_HOST)";
				CODE_SIGN_STYLE = Automatic;
				CURRENT_PROJECT_VERSION = 1;
				DEVELOPMENT_TEAM = N2WW86KJNF;
				GENERATE_INFOPLIST_FILE = YES;
				IPHONEOS_DEPLOYMENT_TARGET = 14.0;
				MACOSX_DEPLOYMENT_TARGET = 13.0;
				MARKETING_VERSION = 1.0;
				PRODUCT_BUNDLE_IDENTIFIER = woong.NetworkRepositoryTests;
				PRODUCT_NAME = "$(TARGET_NAME)";
				SDKROOT = auto;
				SUPPORTED_PLATFORMS = "iphoneos iphonesimulator";
				SUPPORTS_MACCATALYST = NO;
				SUPPORTS_MAC_DESIGNED_FOR_IPHONE_IPAD = NO;
				SWIFT_EMIT_LOC_STRINGS = NO;
				SWIFT_VERSION = 5.0;
				TARGETED_DEVICE_FAMILY = 1;
				TEST_HOST = "$(BUILT_PRODUCTS_DIR)/Weather.app/$(BUNDLE_EXECUTABLE_FOLDER_PATH)/Weather";
			};
			name = Debug;
		};
		D23664022A2A010C00D6CDD6 /* Release */ = {
			isa = XCBuildConfiguration;
			buildSettings = {
				BUNDLE_LOADER = "$(TEST_HOST)";
				CODE_SIGN_STYLE = Automatic;
				CURRENT_PROJECT_VERSION = 1;
				DEVELOPMENT_TEAM = N2WW86KJNF;
				GENERATE_INFOPLIST_FILE = YES;
				IPHONEOS_DEPLOYMENT_TARGET = 14.0;
				MACOSX_DEPLOYMENT_TARGET = 13.0;
				MARKETING_VERSION = 1.0;
				PRODUCT_BUNDLE_IDENTIFIER = woong.NetworkRepositoryTests;
				PRODUCT_NAME = "$(TARGET_NAME)";
				SDKROOT = auto;
				SUPPORTED_PLATFORMS = "iphoneos iphonesimulator";
				SUPPORTS_MACCATALYST = NO;
				SUPPORTS_MAC_DESIGNED_FOR_IPHONE_IPAD = NO;
				SWIFT_EMIT_LOC_STRINGS = NO;
				SWIFT_VERSION = 5.0;
				TARGETED_DEVICE_FAMILY = 1;
				TEST_HOST = "$(BUILT_PRODUCTS_DIR)/Weather.app/$(BUNDLE_EXECUTABLE_FOLDER_PATH)/Weather";
			};
			name = Release;
		};
		D276AB7E2A29F225007E3677 /* Debug */ = {
			isa = XCBuildConfiguration;
			buildSettings = {
				BUNDLE_LOADER = "$(TEST_HOST)";
				CODE_SIGN_STYLE = Automatic;
				CURRENT_PROJECT_VERSION = 1;
				DEVELOPMENT_TEAM = N2WW86KJNF;
				GENERATE_INFOPLIST_FILE = YES;
				IPHONEOS_DEPLOYMENT_TARGET = 14.0;
				MACOSX_DEPLOYMENT_TARGET = 13.0;
				MARKETING_VERSION = 1.0;
				PRODUCT_BUNDLE_IDENTIFIER = woong.URLSessionTests;
				PRODUCT_NAME = "$(TARGET_NAME)";
				SDKROOT = auto;
				SUPPORTED_PLATFORMS = "iphoneos iphonesimulator";
				SUPPORTS_MACCATALYST = NO;
				SUPPORTS_MAC_DESIGNED_FOR_IPHONE_IPAD = NO;
				SWIFT_EMIT_LOC_STRINGS = NO;
				SWIFT_VERSION = 5.0;
				TARGETED_DEVICE_FAMILY = 1;
				TEST_HOST = "$(BUILT_PRODUCTS_DIR)/Weather.app/$(BUNDLE_EXECUTABLE_FOLDER_PATH)/Weather";
			};
			name = Debug;
		};
		D276AB7F2A29F225007E3677 /* Release */ = {
			isa = XCBuildConfiguration;
			buildSettings = {
				BUNDLE_LOADER = "$(TEST_HOST)";
				CODE_SIGN_STYLE = Automatic;
				CURRENT_PROJECT_VERSION = 1;
				DEVELOPMENT_TEAM = N2WW86KJNF;
				GENERATE_INFOPLIST_FILE = YES;
				IPHONEOS_DEPLOYMENT_TARGET = 14.0;
				MACOSX_DEPLOYMENT_TARGET = 13.0;
				MARKETING_VERSION = 1.0;
				PRODUCT_BUNDLE_IDENTIFIER = woong.URLSessionTests;
				PRODUCT_NAME = "$(TARGET_NAME)";
				SDKROOT = auto;
				SUPPORTED_PLATFORMS = "iphoneos iphonesimulator";
				SUPPORTS_MACCATALYST = NO;
				SUPPORTS_MAC_DESIGNED_FOR_IPHONE_IPAD = NO;
				SWIFT_EMIT_LOC_STRINGS = NO;
				SWIFT_VERSION = 5.0;
				TARGETED_DEVICE_FAMILY = 1;
				TEST_HOST = "$(BUILT_PRODUCTS_DIR)/Weather.app/$(BUNDLE_EXECUTABLE_FOLDER_PATH)/Weather";
			};
			name = Release;
		};
		D2D3FCBA2A1DB841000039FD /* Debug */ = {
			isa = XCBuildConfiguration;
			buildSettings = {
				ALWAYS_SEARCH_USER_PATHS = NO;
				CLANG_ANALYZER_NONNULL = YES;
				CLANG_ANALYZER_NUMBER_OBJECT_CONVERSION = YES_AGGRESSIVE;
				CLANG_CXX_LANGUAGE_STANDARD = "gnu++20";
				CLANG_ENABLE_MODULES = YES;
				CLANG_ENABLE_OBJC_ARC = YES;
				CLANG_ENABLE_OBJC_WEAK = YES;
				CLANG_WARN_BLOCK_CAPTURE_AUTORELEASING = YES;
				CLANG_WARN_BOOL_CONVERSION = YES;
				CLANG_WARN_COMMA = YES;
				CLANG_WARN_CONSTANT_CONVERSION = YES;
				CLANG_WARN_DEPRECATED_OBJC_IMPLEMENTATIONS = YES;
				CLANG_WARN_DIRECT_OBJC_ISA_USAGE = YES_ERROR;
				CLANG_WARN_DOCUMENTATION_COMMENTS = YES;
				CLANG_WARN_EMPTY_BODY = YES;
				CLANG_WARN_ENUM_CONVERSION = YES;
				CLANG_WARN_INFINITE_RECURSION = YES;
				CLANG_WARN_INT_CONVERSION = YES;
				CLANG_WARN_NON_LITERAL_NULL_CONVERSION = YES;
				CLANG_WARN_OBJC_IMPLICIT_RETAIN_SELF = YES;
				CLANG_WARN_OBJC_LITERAL_CONVERSION = YES;
				CLANG_WARN_OBJC_ROOT_CLASS = YES_ERROR;
				CLANG_WARN_QUOTED_INCLUDE_IN_FRAMEWORK_HEADER = YES;
				CLANG_WARN_RANGE_LOOP_ANALYSIS = YES;
				CLANG_WARN_STRICT_PROTOTYPES = YES;
				CLANG_WARN_SUSPICIOUS_MOVE = YES;
				CLANG_WARN_UNGUARDED_AVAILABILITY = YES_AGGRESSIVE;
				CLANG_WARN_UNREACHABLE_CODE = YES;
				CLANG_WARN__DUPLICATE_METHOD_MATCH = YES;
				COPY_PHASE_STRIP = NO;
				DEBUG_INFORMATION_FORMAT = dwarf;
				ENABLE_STRICT_OBJC_MSGSEND = YES;
				ENABLE_TESTABILITY = YES;
				GCC_C_LANGUAGE_STANDARD = gnu11;
				GCC_DYNAMIC_NO_PIC = NO;
				GCC_NO_COMMON_BLOCKS = YES;
				GCC_OPTIMIZATION_LEVEL = 0;
				GCC_PREPROCESSOR_DEFINITIONS = (
					"DEBUG=1",
					"$(inherited)",
				);
				GCC_WARN_64_TO_32_BIT_CONVERSION = YES;
				GCC_WARN_ABOUT_RETURN_TYPE = YES_ERROR;
				GCC_WARN_UNDECLARED_SELECTOR = YES;
				GCC_WARN_UNINITIALIZED_AUTOS = YES_AGGRESSIVE;
				GCC_WARN_UNUSED_FUNCTION = YES;
				GCC_WARN_UNUSED_VARIABLE = YES;
				IPHONEOS_DEPLOYMENT_TARGET = 14.0;
				MTL_ENABLE_DEBUG_INFO = INCLUDE_SOURCE;
				MTL_FAST_MATH = YES;
				ONLY_ACTIVE_ARCH = YES;
				SDKROOT = iphoneos;
				SWIFT_ACTIVE_COMPILATION_CONDITIONS = DEBUG;
				SWIFT_OPTIMIZATION_LEVEL = "-Onone";
			};
			name = Debug;
		};
		D2D3FCBB2A1DB841000039FD /* Release */ = {
			isa = XCBuildConfiguration;
			buildSettings = {
				ALWAYS_SEARCH_USER_PATHS = NO;
				CLANG_ANALYZER_NONNULL = YES;
				CLANG_ANALYZER_NUMBER_OBJECT_CONVERSION = YES_AGGRESSIVE;
				CLANG_CXX_LANGUAGE_STANDARD = "gnu++20";
				CLANG_ENABLE_MODULES = YES;
				CLANG_ENABLE_OBJC_ARC = YES;
				CLANG_ENABLE_OBJC_WEAK = YES;
				CLANG_WARN_BLOCK_CAPTURE_AUTORELEASING = YES;
				CLANG_WARN_BOOL_CONVERSION = YES;
				CLANG_WARN_COMMA = YES;
				CLANG_WARN_CONSTANT_CONVERSION = YES;
				CLANG_WARN_DEPRECATED_OBJC_IMPLEMENTATIONS = YES;
				CLANG_WARN_DIRECT_OBJC_ISA_USAGE = YES_ERROR;
				CLANG_WARN_DOCUMENTATION_COMMENTS = YES;
				CLANG_WARN_EMPTY_BODY = YES;
				CLANG_WARN_ENUM_CONVERSION = YES;
				CLANG_WARN_INFINITE_RECURSION = YES;
				CLANG_WARN_INT_CONVERSION = YES;
				CLANG_WARN_NON_LITERAL_NULL_CONVERSION = YES;
				CLANG_WARN_OBJC_IMPLICIT_RETAIN_SELF = YES;
				CLANG_WARN_OBJC_LITERAL_CONVERSION = YES;
				CLANG_WARN_OBJC_ROOT_CLASS = YES_ERROR;
				CLANG_WARN_QUOTED_INCLUDE_IN_FRAMEWORK_HEADER = YES;
				CLANG_WARN_RANGE_LOOP_ANALYSIS = YES;
				CLANG_WARN_STRICT_PROTOTYPES = YES;
				CLANG_WARN_SUSPICIOUS_MOVE = YES;
				CLANG_WARN_UNGUARDED_AVAILABILITY = YES_AGGRESSIVE;
				CLANG_WARN_UNREACHABLE_CODE = YES;
				CLANG_WARN__DUPLICATE_METHOD_MATCH = YES;
				COPY_PHASE_STRIP = NO;
				DEBUG_INFORMATION_FORMAT = "dwarf-with-dsym";
				ENABLE_NS_ASSERTIONS = NO;
				ENABLE_STRICT_OBJC_MSGSEND = YES;
				GCC_C_LANGUAGE_STANDARD = gnu11;
				GCC_NO_COMMON_BLOCKS = YES;
				GCC_WARN_64_TO_32_BIT_CONVERSION = YES;
				GCC_WARN_ABOUT_RETURN_TYPE = YES_ERROR;
				GCC_WARN_UNDECLARED_SELECTOR = YES;
				GCC_WARN_UNINITIALIZED_AUTOS = YES_AGGRESSIVE;
				GCC_WARN_UNUSED_FUNCTION = YES;
				GCC_WARN_UNUSED_VARIABLE = YES;
				IPHONEOS_DEPLOYMENT_TARGET = 14.0;
				MTL_ENABLE_DEBUG_INFO = NO;
				MTL_FAST_MATH = YES;
				SDKROOT = iphoneos;
				SWIFT_COMPILATION_MODE = wholemodule;
				SWIFT_OPTIMIZATION_LEVEL = "-O";
				VALIDATE_PRODUCT = YES;
			};
			name = Release;
		};
		D2D3FCBD2A1DB841000039FD /* Debug */ = {
			isa = XCBuildConfiguration;
			buildSettings = {
				ASSETCATALOG_COMPILER_APPICON_NAME = AppIcon;
				ASSETCATALOG_COMPILER_GLOBAL_ACCENT_COLOR_NAME = AccentColor;
				CODE_SIGN_STYLE = Automatic;
				CURRENT_PROJECT_VERSION = 1;
				DEVELOPMENT_TEAM = N2WW86KJNF;
				GENERATE_INFOPLIST_FILE = YES;
				INFOPLIST_FILE = Weather/Info.plist;
				INFOPLIST_KEY_UIApplicationSupportsIndirectInputEvents = YES;
				INFOPLIST_KEY_UILaunchStoryboardName = LaunchScreen;
				INFOPLIST_KEY_UISupportedInterfaceOrientations_iPad = "UIInterfaceOrientationPortrait UIInterfaceOrientationPortraitUpsideDown UIInterfaceOrientationLandscapeLeft UIInterfaceOrientationLandscapeRight";
				INFOPLIST_KEY_UISupportedInterfaceOrientations_iPhone = "UIInterfaceOrientationPortrait UIInterfaceOrientationLandscapeLeft UIInterfaceOrientationLandscapeRight";
				IPHONEOS_DEPLOYMENT_TARGET = 14.0;
				LD_RUNPATH_SEARCH_PATHS = (
					"$(inherited)",
					"@executable_path/Frameworks",
				);
				MARKETING_VERSION = 1.0;
				PRODUCT_BUNDLE_IDENTIFIER = woong.Weather;
				PRODUCT_NAME = "$(TARGET_NAME)";
				SUPPORTED_PLATFORMS = "iphoneos iphonesimulator";
				SUPPORTS_MACCATALYST = NO;
				SUPPORTS_MAC_DESIGNED_FOR_IPHONE_IPAD = NO;
				SWIFT_EMIT_LOC_STRINGS = YES;
				SWIFT_VERSION = 5.0;
				TARGETED_DEVICE_FAMILY = 1;
			};
			name = Debug;
		};
		D2D3FCBE2A1DB841000039FD /* Release */ = {
			isa = XCBuildConfiguration;
			buildSettings = {
				ASSETCATALOG_COMPILER_APPICON_NAME = AppIcon;
				ASSETCATALOG_COMPILER_GLOBAL_ACCENT_COLOR_NAME = AccentColor;
				CODE_SIGN_STYLE = Automatic;
				CURRENT_PROJECT_VERSION = 1;
				DEVELOPMENT_TEAM = N2WW86KJNF;
				GENERATE_INFOPLIST_FILE = YES;
				INFOPLIST_FILE = Weather/Info.plist;
				INFOPLIST_KEY_UIApplicationSupportsIndirectInputEvents = YES;
				INFOPLIST_KEY_UILaunchStoryboardName = LaunchScreen;
				INFOPLIST_KEY_UISupportedInterfaceOrientations_iPad = "UIInterfaceOrientationPortrait UIInterfaceOrientationPortraitUpsideDown UIInterfaceOrientationLandscapeLeft UIInterfaceOrientationLandscapeRight";
				INFOPLIST_KEY_UISupportedInterfaceOrientations_iPhone = "UIInterfaceOrientationPortrait UIInterfaceOrientationLandscapeLeft UIInterfaceOrientationLandscapeRight";
				IPHONEOS_DEPLOYMENT_TARGET = 14.0;
				LD_RUNPATH_SEARCH_PATHS = (
					"$(inherited)",
					"@executable_path/Frameworks",
				);
				MARKETING_VERSION = 1.0;
				PRODUCT_BUNDLE_IDENTIFIER = woong.Weather;
				PRODUCT_NAME = "$(TARGET_NAME)";
				SUPPORTED_PLATFORMS = "iphoneos iphonesimulator";
				SUPPORTS_MACCATALYST = NO;
				SUPPORTS_MAC_DESIGNED_FOR_IPHONE_IPAD = NO;
				SWIFT_EMIT_LOC_STRINGS = YES;
				SWIFT_VERSION = 5.0;
				TARGETED_DEVICE_FAMILY = 1;
			};
			name = Release;
		};
/* End XCBuildConfiguration section */

/* Begin XCConfigurationList section */
		D23664002A2A010C00D6CDD6 /* Build configuration list for PBXNativeTarget "NetworkRepositoryTests" */ = {
			isa = XCConfigurationList;
			buildConfigurations = (
				D23664012A2A010C00D6CDD6 /* Debug */,
				D23664022A2A010C00D6CDD6 /* Release */,
			);
			defaultConfigurationIsVisible = 0;
			defaultConfigurationName = Release;
		};
		D276AB7D2A29F225007E3677 /* Build configuration list for PBXNativeTarget "URLSessionTests" */ = {
			isa = XCConfigurationList;
			buildConfigurations = (
				D276AB7E2A29F225007E3677 /* Debug */,
				D276AB7F2A29F225007E3677 /* Release */,
			);
			defaultConfigurationIsVisible = 0;
			defaultConfigurationName = Release;
		};
		D2D3FCA32A1DB83E000039FD /* Build configuration list for PBXProject "Weather" */ = {
			isa = XCConfigurationList;
			buildConfigurations = (
				D2D3FCBA2A1DB841000039FD /* Debug */,
				D2D3FCBB2A1DB841000039FD /* Release */,
			);
			defaultConfigurationIsVisible = 0;
			defaultConfigurationName = Release;
		};
		D2D3FCBC2A1DB841000039FD /* Build configuration list for PBXNativeTarget "Weather" */ = {
			isa = XCConfigurationList;
			buildConfigurations = (
				D2D3FCBD2A1DB841000039FD /* Debug */,
				D2D3FCBE2A1DB841000039FD /* Release */,
			);
			defaultConfigurationIsVisible = 0;
			defaultConfigurationName = Release;
		};
/* End XCConfigurationList section */
	};
	rootObject = D2D3FCA02A1DB83E000039FD /* Project object */;
}
