// !$*UTF8*$!
{
	archiveVersion = 1;
	classes = {
	};
	objectVersion = 56;
	objects = {

/* Begin PBXBuildFile section */
		D24807862A1FBB3900922838 /* ContentCollectionHeaderView.swift in Sources */ = {isa = PBXBuildFile; fileRef = D24807852A1FBB3900922838 /* ContentCollectionHeaderView.swift */; };
		D24807892A1FBFDD00922838 /* ReusableView.swift in Sources */ = {isa = PBXBuildFile; fileRef = D24807882A1FBFDD00922838 /* ReusableView.swift */; };
		D248078B2A1FC18000922838 /* ContentsCollectionViewCell.swift in Sources */ = {isa = PBXBuildFile; fileRef = D248078A2A1FC18000922838 /* ContentsCollectionViewCell.swift */; };
		D2D3FCAC2A1DB83E000039FD /* AppDelegate.swift in Sources */ = {isa = PBXBuildFile; fileRef = D2D3FCAB2A1DB83E000039FD /* AppDelegate.swift */; };
		D2D3FCAE2A1DB83E000039FD /* SceneDelegate.swift in Sources */ = {isa = PBXBuildFile; fileRef = D2D3FCAD2A1DB83E000039FD /* SceneDelegate.swift */; };
		D2D3FCB02A1DB83F000039FD /* ViewController.swift in Sources */ = {isa = PBXBuildFile; fileRef = D2D3FCAF2A1DB83E000039FD /* ViewController.swift */; };
		D2D3FCB32A1DB83F000039FD /* Main.storyboard in Resources */ = {isa = PBXBuildFile; fileRef = D2D3FCB12A1DB83F000039FD /* Main.storyboard */; };
		D2D3FCB52A1DB841000039FD /* Assets.xcassets in Resources */ = {isa = PBXBuildFile; fileRef = D2D3FCB42A1DB841000039FD /* Assets.xcassets */; };
		D2D3FCB82A1DB841000039FD /* LaunchScreen.storyboard in Resources */ = {isa = PBXBuildFile; fileRef = D2D3FCB62A1DB841000039FD /* LaunchScreen.storyboard */; };
		D2D3FCC42A1DBAFD000039FD /* EndPoint.swift in Sources */ = {isa = PBXBuildFile; fileRef = D2D3FCC32A1DBAFD000039FD /* EndPoint.swift */; };
		D2D3FCC62A1E190C000039FD /* NetworkService.swift in Sources */ = {isa = PBXBuildFile; fileRef = D2D3FCC52A1E190C000039FD /* NetworkService.swift */; };
		D2D3FCCA2A1E1BAE000039FD /* CurrentWeather.swift in Sources */ = {isa = PBXBuildFile; fileRef = D2D3FCC92A1E1BAE000039FD /* CurrentWeather.swift */; };
		D2D3FCCD2A1E1F22000039FD /* Repository.swift in Sources */ = {isa = PBXBuildFile; fileRef = D2D3FCCC2A1E1F22000039FD /* Repository.swift */; };
		D2D3FCCF2A1E2435000039FD /* NetworkError.swift in Sources */ = {isa = PBXBuildFile; fileRef = D2D3FCCE2A1E2435000039FD /* NetworkError.swift */; };
		D2D3FCD32A1FA71B000039FD /* MainViewModel.swift in Sources */ = {isa = PBXBuildFile; fileRef = D2D3FCD22A1FA71B000039FD /* MainViewModel.swift */; };
/* End PBXBuildFile section */

/* Begin PBXFileReference section */
		D24807852A1FBB3900922838 /* ContentCollectionHeaderView.swift */ = {isa = PBXFileReference; lastKnownFileType = sourcecode.swift; path = ContentCollectionHeaderView.swift; sourceTree = "<group>"; };
		D24807882A1FBFDD00922838 /* ReusableView.swift */ = {isa = PBXFileReference; lastKnownFileType = sourcecode.swift; path = ReusableView.swift; sourceTree = "<group>"; };
		D248078A2A1FC18000922838 /* ContentsCollectionViewCell.swift */ = {isa = PBXFileReference; lastKnownFileType = sourcecode.swift; path = ContentsCollectionViewCell.swift; sourceTree = "<group>"; };
		D2D3FCA82A1DB83E000039FD /* Weather.app */ = {isa = PBXFileReference; explicitFileType = wrapper.application; includeInIndex = 0; path = Weather.app; sourceTree = BUILT_PRODUCTS_DIR; };
		D2D3FCAB2A1DB83E000039FD /* AppDelegate.swift */ = {isa = PBXFileReference; lastKnownFileType = sourcecode.swift; path = AppDelegate.swift; sourceTree = "<group>"; };
		D2D3FCAD2A1DB83E000039FD /* SceneDelegate.swift */ = {isa = PBXFileReference; lastKnownFileType = sourcecode.swift; path = SceneDelegate.swift; sourceTree = "<group>"; };
		D2D3FCAF2A1DB83E000039FD /* ViewController.swift */ = {isa = PBXFileReference; lastKnownFileType = sourcecode.swift; path = ViewController.swift; sourceTree = "<group>"; };
		D2D3FCB22A1DB83F000039FD /* Base */ = {isa = PBXFileReference; lastKnownFileType = file.storyboard; name = Base; path = Base.lproj/Main.storyboard; sourceTree = "<group>"; };
		D2D3FCB42A1DB841000039FD /* Assets.xcassets */ = {isa = PBXFileReference; lastKnownFileType = folder.assetcatalog; path = Assets.xcassets; sourceTree = "<group>"; };
		D2D3FCB72A1DB841000039FD /* Base */ = {isa = PBXFileReference; lastKnownFileType = file.storyboard; name = Base; path = Base.lproj/LaunchScreen.storyboard; sourceTree = "<group>"; };
		D2D3FCB92A1DB841000039FD /* Info.plist */ = {isa = PBXFileReference; lastKnownFileType = text.plist.xml; path = Info.plist; sourceTree = "<group>"; };
		D2D3FCC32A1DBAFD000039FD /* EndPoint.swift */ = {isa = PBXFileReference; lastKnownFileType = sourcecode.swift; path = EndPoint.swift; sourceTree = "<group>"; };
		D2D3FCC52A1E190C000039FD /* NetworkService.swift */ = {isa = PBXFileReference; lastKnownFileType = sourcecode.swift; path = NetworkService.swift; sourceTree = "<group>"; };
		D2D3FCC92A1E1BAE000039FD /* CurrentWeather.swift */ = {isa = PBXFileReference; lastKnownFileType = sourcecode.swift; path = CurrentWeather.swift; sourceTree = "<group>"; };
		D2D3FCCC2A1E1F22000039FD /* Repository.swift */ = {isa = PBXFileReference; lastKnownFileType = sourcecode.swift; path = Repository.swift; sourceTree = "<group>"; };
		D2D3FCCE2A1E2435000039FD /* NetworkError.swift */ = {isa = PBXFileReference; lastKnownFileType = sourcecode.swift; path = NetworkError.swift; sourceTree = "<group>"; };
		D2D3FCD22A1FA71B000039FD /* MainViewModel.swift */ = {isa = PBXFileReference; lastKnownFileType = sourcecode.swift; path = MainViewModel.swift; sourceTree = "<group>"; };
/* End PBXFileReference section */

/* Begin PBXFrameworksBuildPhase section */
		D2D3FCA52A1DB83E000039FD /* Frameworks */ = {
			isa = PBXFrameworksBuildPhase;
			buildActionMask = 2147483647;
			files = (
			);
			runOnlyForDeploymentPostprocessing = 0;
		};
/* End PBXFrameworksBuildPhase section */

/* Begin PBXGroup section */
		D24807812A1FB5CE00922838 /* CustomView */ = {
			isa = PBXGroup;
			children = (
				D24807872A1FBB4200922838 /* Header */,
				D24807822A1FB7A500922838 /* Cell */,
				D24807882A1FBFDD00922838 /* ReusableView.swift */,
			);
			path = CustomView;
			sourceTree = "<group>";
		};
		D24807822A1FB7A500922838 /* Cell */ = {
			isa = PBXGroup;
			children = (
				D248078A2A1FC18000922838 /* ContentsCollectionViewCell.swift */,
			);
			path = Cell;
			sourceTree = "<group>";
		};
		D24807872A1FBB4200922838 /* Header */ = {
			isa = PBXGroup;
			children = (
				D24807852A1FBB3900922838 /* ContentCollectionHeaderView.swift */,
			);
			path = Header;
			sourceTree = "<group>";
		};
		D2D3FC9F2A1DB83E000039FD = {
			isa = PBXGroup;
			children = (
				D2D3FCAA2A1DB83E000039FD /* Weather */,
				D2D3FCA92A1DB83E000039FD /* Products */,
			);
			sourceTree = "<group>";
		};
		D2D3FCA92A1DB83E000039FD /* Products */ = {
			isa = PBXGroup;
			children = (
				D2D3FCA82A1DB83E000039FD /* Weather.app */,
			);
			name = Products;
			sourceTree = "<group>";
		};
		D2D3FCAA2A1DB83E000039FD /* Weather */ = {
			isa = PBXGroup;
			children = (
				D2D3FCC82A1E1B7C000039FD /* Application */,
				D2D3FCC72A1E1B61000039FD /* View */,
				D2D3FCBF2A1DBA00000039FD /* Service */,
				D2D3FCC12A1DBA7F000039FD /* Domain */,
				D2D3FCB42A1DB841000039FD /* Assets.xcassets */,
				D2D3FCB92A1DB841000039FD /* Info.plist */,
			);
			path = Weather;
			sourceTree = "<group>";
		};
		D2D3FCBF2A1DBA00000039FD /* Service */ = {
			isa = PBXGroup;
			children = (
				D2D3FCC32A1DBAFD000039FD /* EndPoint.swift */,
				D2D3FCC52A1E190C000039FD /* NetworkService.swift */,
			);
			path = Service;
			sourceTree = "<group>";
		};
		D2D3FCC02A1DBA0D000039FD /* Entity */ = {
			isa = PBXGroup;
			children = (
				D2D3FCC92A1E1BAE000039FD /* CurrentWeather.swift */,
			);
			path = Entity;
			sourceTree = "<group>";
		};
		D2D3FCC12A1DBA7F000039FD /* Domain */ = {
			isa = PBXGroup;
			children = (
				D2D3FCC22A1DBA87000039FD /* Repository */,
				D2D3FCC02A1DBA0D000039FD /* Entity */,
			);
			path = Domain;
			sourceTree = "<group>";
		};
		D2D3FCC22A1DBA87000039FD /* Repository */ = {
			isa = PBXGroup;
			children = (
				D2D3FCCC2A1E1F22000039FD /* Repository.swift */,
				D2D3FCCE2A1E2435000039FD /* NetworkError.swift */,
			);
			path = Repository;
			sourceTree = "<group>";
		};
		D2D3FCC72A1E1B61000039FD /* View */ = {
			isa = PBXGroup;
			children = (
				D24807812A1FB5CE00922838 /* CustomView */,
				D2D3FCCB2A1E1DFE000039FD /* MainView */,
				D2D3FCB12A1DB83F000039FD /* Main.storyboard */,
				D2D3FCB62A1DB841000039FD /* LaunchScreen.storyboard */,
			);
			path = View;
			sourceTree = "<group>";
		};
		D2D3FCC82A1E1B7C000039FD /* Application */ = {
			isa = PBXGroup;
			children = (
				D2D3FCAB2A1DB83E000039FD /* AppDelegate.swift */,
				D2D3FCAD2A1DB83E000039FD /* SceneDelegate.swift */,
			);
			path = Application;
			sourceTree = "<group>";
		};
		D2D3FCCB2A1E1DFE000039FD /* MainView */ = {
			isa = PBXGroup;
			children = (
				D2D3FCAF2A1DB83E000039FD /* ViewController.swift */,
				D2D3FCD22A1FA71B000039FD /* MainViewModel.swift */,
			);
			path = MainView;
			sourceTree = "<group>";
		};
/* End PBXGroup section */

/* Begin PBXNativeTarget section */
		D2D3FCA72A1DB83E000039FD /* Weather */ = {
			isa = PBXNativeTarget;
			buildConfigurationList = D2D3FCBC2A1DB841000039FD /* Build configuration list for PBXNativeTarget "Weather" */;
			buildPhases = (
				D2D3FCA42A1DB83E000039FD /* Sources */,
				D2D3FCA52A1DB83E000039FD /* Frameworks */,
				D2D3FCA62A1DB83E000039FD /* Resources */,
			);
			buildRules = (
			);
			dependencies = (
			);
			name = Weather;
			productName = Weather;
			productReference = D2D3FCA82A1DB83E000039FD /* Weather.app */;
			productType = "com.apple.product-type.application";
		};
/* End PBXNativeTarget section */

/* Begin PBXProject section */
		D2D3FCA02A1DB83E000039FD /* Project object */ = {
			isa = PBXProject;
			attributes = {
				BuildIndependentTargetsInParallel = 1;
				LastSwiftUpdateCheck = 1430;
				LastUpgradeCheck = 1430;
				TargetAttributes = {
					D2D3FCA72A1DB83E000039FD = {
						CreatedOnToolsVersion = 14.3;
					};
				};
			};
			buildConfigurationList = D2D3FCA32A1DB83E000039FD /* Build configuration list for PBXProject "Weather" */;
			compatibilityVersion = "Xcode 14.0";
			developmentRegion = en;
			hasScannedForEncodings = 0;
			knownRegions = (
				en,
				Base,
			);
			mainGroup = D2D3FC9F2A1DB83E000039FD;
			productRefGroup = D2D3FCA92A1DB83E000039FD /* Products */;
			projectDirPath = "";
			projectRoot = "";
			targets = (
				D2D3FCA72A1DB83E000039FD /* Weather */,
			);
		};
/* End PBXProject section */

/* Begin PBXResourcesBuildPhase section */
		D2D3FCA62A1DB83E000039FD /* Resources */ = {
			isa = PBXResourcesBuildPhase;
			buildActionMask = 2147483647;
			files = (
				D2D3FCB82A1DB841000039FD /* LaunchScreen.storyboard in Resources */,
				D2D3FCB52A1DB841000039FD /* Assets.xcassets in Resources */,
				D2D3FCB32A1DB83F000039FD /* Main.storyboard in Resources */,
			);
			runOnlyForDeploymentPostprocessing = 0;
		};
/* End PBXResourcesBuildPhase section */

/* Begin PBXSourcesBuildPhase section */
		D2D3FCA42A1DB83E000039FD /* Sources */ = {
			isa = PBXSourcesBuildPhase;
			buildActionMask = 2147483647;
			files = (
				D2D3FCCD2A1E1F22000039FD /* Repository.swift in Sources */,
				D2D3FCCF2A1E2435000039FD /* NetworkError.swift in Sources */,
				D24807892A1FBFDD00922838 /* ReusableView.swift in Sources */,
				D2D3FCC62A1E190C000039FD /* NetworkService.swift in Sources */,
				D2D3FCB02A1DB83F000039FD /* ViewController.swift in Sources */,
				D2D3FCCA2A1E1BAE000039FD /* CurrentWeather.swift in Sources */,
				D2D3FCAC2A1DB83E000039FD /* AppDelegate.swift in Sources */,
				D2D3FCC42A1DBAFD000039FD /* EndPoint.swift in Sources */,
				D248078B2A1FC18000922838 /* ContentsCollectionViewCell.swift in Sources */,
				D24807862A1FBB3900922838 /* ContentCollectionHeaderView.swift in Sources */,
				D2D3FCAE2A1DB83E000039FD /* SceneDelegate.swift in Sources */,
				D2D3FCD32A1FA71B000039FD /* MainViewModel.swift in Sources */,
			);
			runOnlyForDeploymentPostprocessing = 0;
		};
/* End PBXSourcesBuildPhase section */

/* Begin PBXVariantGroup section */
		D2D3FCB12A1DB83F000039FD /* Main.storyboard */ = {
			isa = PBXVariantGroup;
			children = (
				D2D3FCB22A1DB83F000039FD /* Base */,
			);
			name = Main.storyboard;
			sourceTree = "<group>";
		};
		D2D3FCB62A1DB841000039FD /* LaunchScreen.storyboard */ = {
			isa = PBXVariantGroup;
			children = (
				D2D3FCB72A1DB841000039FD /* Base */,
			);
			name = LaunchScreen.storyboard;
			sourceTree = "<group>";
		};
/* End PBXVariantGroup section */

/* Begin XCBuildConfiguration section */
		D2D3FCBA2A1DB841000039FD /* Debug */ = {
			isa = XCBuildConfiguration;
			buildSettings = {
				ALWAYS_SEARCH_USER_PATHS = NO;
				CLANG_ANALYZER_NONNULL = YES;
				CLANG_ANALYZER_NUMBER_OBJECT_CONVERSION = YES_AGGRESSIVE;
				CLANG_CXX_LANGUAGE_STANDARD = "gnu++20";
				CLANG_ENABLE_MODULES = YES;
				CLANG_ENABLE_OBJC_ARC = YES;
				CLANG_ENABLE_OBJC_WEAK = YES;
				CLANG_WARN_BLOCK_CAPTURE_AUTORELEASING = YES;
				CLANG_WARN_BOOL_CONVERSION = YES;
				CLANG_WARN_COMMA = YES;
				CLANG_WARN_CONSTANT_CONVERSION = YES;
				CLANG_WARN_DEPRECATED_OBJC_IMPLEMENTATIONS = YES;
				CLANG_WARN_DIRECT_OBJC_ISA_USAGE = YES_ERROR;
				CLANG_WARN_DOCUMENTATION_COMMENTS = YES;
				CLANG_WARN_EMPTY_BODY = YES;
				CLANG_WARN_ENUM_CONVERSION = YES;
				CLANG_WARN_INFINITE_RECURSION = YES;
				CLANG_WARN_INT_CONVERSION = YES;
				CLANG_WARN_NON_LITERAL_NULL_CONVERSION = YES;
				CLANG_WARN_OBJC_IMPLICIT_RETAIN_SELF = YES;
				CLANG_WARN_OBJC_LITERAL_CONVERSION = YES;
				CLANG_WARN_OBJC_ROOT_CLASS = YES_ERROR;
				CLANG_WARN_QUOTED_INCLUDE_IN_FRAMEWORK_HEADER = YES;
				CLANG_WARN_RANGE_LOOP_ANALYSIS = YES;
				CLANG_WARN_STRICT_PROTOTYPES = YES;
				CLANG_WARN_SUSPICIOUS_MOVE = YES;
				CLANG_WARN_UNGUARDED_AVAILABILITY = YES_AGGRESSIVE;
				CLANG_WARN_UNREACHABLE_CODE = YES;
				CLANG_WARN__DUPLICATE_METHOD_MATCH = YES;
				COPY_PHASE_STRIP = NO;
				DEBUG_INFORMATION_FORMAT = dwarf;
				ENABLE_STRICT_OBJC_MSGSEND = YES;
				ENABLE_TESTABILITY = YES;
				GCC_C_LANGUAGE_STANDARD = gnu11;
				GCC_DYNAMIC_NO_PIC = NO;
				GCC_NO_COMMON_BLOCKS = YES;
				GCC_OPTIMIZATION_LEVEL = 0;
				GCC_PREPROCESSOR_DEFINITIONS = (
					"DEBUG=1",
					"$(inherited)",
				);
				GCC_WARN_64_TO_32_BIT_CONVERSION = YES;
				GCC_WARN_ABOUT_RETURN_TYPE = YES_ERROR;
				GCC_WARN_UNDECLARED_SELECTOR = YES;
				GCC_WARN_UNINITIALIZED_AUTOS = YES_AGGRESSIVE;
				GCC_WARN_UNUSED_FUNCTION = YES;
				GCC_WARN_UNUSED_VARIABLE = YES;
				IPHONEOS_DEPLOYMENT_TARGET = 14.0;
				MTL_ENABLE_DEBUG_INFO = INCLUDE_SOURCE;
				MTL_FAST_MATH = YES;
				ONLY_ACTIVE_ARCH = YES;
				SDKROOT = iphoneos;
				SWIFT_ACTIVE_COMPILATION_CONDITIONS = DEBUG;
				SWIFT_OPTIMIZATION_LEVEL = "-Onone";
			};
			name = Debug;
		};
		D2D3FCBB2A1DB841000039FD /* Release */ = {
			isa = XCBuildConfiguration;
			buildSettings = {
				ALWAYS_SEARCH_USER_PATHS = NO;
				CLANG_ANALYZER_NONNULL = YES;
				CLANG_ANALYZER_NUMBER_OBJECT_CONVERSION = YES_AGGRESSIVE;
				CLANG_CXX_LANGUAGE_STANDARD = "gnu++20";
				CLANG_ENABLE_MODULES = YES;
				CLANG_ENABLE_OBJC_ARC = YES;
				CLANG_ENABLE_OBJC_WEAK = YES;
				CLANG_WARN_BLOCK_CAPTURE_AUTORELEASING = YES;
				CLANG_WARN_BOOL_CONVERSION = YES;
				CLANG_WARN_COMMA = YES;
				CLANG_WARN_CONSTANT_CONVERSION = YES;
				CLANG_WARN_DEPRECATED_OBJC_IMPLEMENTATIONS = YES;
				CLANG_WARN_DIRECT_OBJC_ISA_USAGE = YES_ERROR;
				CLANG_WARN_DOCUMENTATION_COMMENTS = YES;
				CLANG_WARN_EMPTY_BODY = YES;
				CLANG_WARN_ENUM_CONVERSION = YES;
				CLANG_WARN_INFINITE_RECURSION = YES;
				CLANG_WARN_INT_CONVERSION = YES;
				CLANG_WARN_NON_LITERAL_NULL_CONVERSION = YES;
				CLANG_WARN_OBJC_IMPLICIT_RETAIN_SELF = YES;
				CLANG_WARN_OBJC_LITERAL_CONVERSION = YES;
				CLANG_WARN_OBJC_ROOT_CLASS = YES_ERROR;
				CLANG_WARN_QUOTED_INCLUDE_IN_FRAMEWORK_HEADER = YES;
				CLANG_WARN_RANGE_LOOP_ANALYSIS = YES;
				CLANG_WARN_STRICT_PROTOTYPES = YES;
				CLANG_WARN_SUSPICIOUS_MOVE = YES;
				CLANG_WARN_UNGUARDED_AVAILABILITY = YES_AGGRESSIVE;
				CLANG_WARN_UNREACHABLE_CODE = YES;
				CLANG_WARN__DUPLICATE_METHOD_MATCH = YES;
				COPY_PHASE_STRIP = NO;
				DEBUG_INFORMATION_FORMAT = "dwarf-with-dsym";
				ENABLE_NS_ASSERTIONS = NO;
				ENABLE_STRICT_OBJC_MSGSEND = YES;
				GCC_C_LANGUAGE_STANDARD = gnu11;
				GCC_NO_COMMON_BLOCKS = YES;
				GCC_WARN_64_TO_32_BIT_CONVERSION = YES;
				GCC_WARN_ABOUT_RETURN_TYPE = YES_ERROR;
				GCC_WARN_UNDECLARED_SELECTOR = YES;
				GCC_WARN_UNINITIALIZED_AUTOS = YES_AGGRESSIVE;
				GCC_WARN_UNUSED_FUNCTION = YES;
				GCC_WARN_UNUSED_VARIABLE = YES;
				IPHONEOS_DEPLOYMENT_TARGET = 14.0;
				MTL_ENABLE_DEBUG_INFO = NO;
				MTL_FAST_MATH = YES;
				SDKROOT = iphoneos;
				SWIFT_COMPILATION_MODE = wholemodule;
				SWIFT_OPTIMIZATION_LEVEL = "-O";
				VALIDATE_PRODUCT = YES;
			};
			name = Release;
		};
		D2D3FCBD2A1DB841000039FD /* Debug */ = {
			isa = XCBuildConfiguration;
			buildSettings = {
				ASSETCATALOG_COMPILER_APPICON_NAME = AppIcon;
				ASSETCATALOG_COMPILER_GLOBAL_ACCENT_COLOR_NAME = AccentColor;
				CODE_SIGN_STYLE = Automatic;
				CURRENT_PROJECT_VERSION = 1;
				DEVELOPMENT_TEAM = N2WW86KJNF;
				GENERATE_INFOPLIST_FILE = YES;
				INFOPLIST_FILE = Weather/Info.plist;
				INFOPLIST_KEY_UIApplicationSupportsIndirectInputEvents = YES;
				INFOPLIST_KEY_UILaunchStoryboardName = LaunchScreen;
				INFOPLIST_KEY_UIMainStoryboardFile = Main;
				INFOPLIST_KEY_UISupportedInterfaceOrientations_iPad = "UIInterfaceOrientationPortrait UIInterfaceOrientationPortraitUpsideDown UIInterfaceOrientationLandscapeLeft UIInterfaceOrientationLandscapeRight";
				INFOPLIST_KEY_UISupportedInterfaceOrientations_iPhone = "UIInterfaceOrientationPortrait UIInterfaceOrientationLandscapeLeft UIInterfaceOrientationLandscapeRight";
				IPHONEOS_DEPLOYMENT_TARGET = 14.0;
				LD_RUNPATH_SEARCH_PATHS = (
					"$(inherited)",
					"@executable_path/Frameworks",
				);
				MARKETING_VERSION = 1.0;
				PRODUCT_BUNDLE_IDENTIFIER = woong.Weather;
				PRODUCT_NAME = "$(TARGET_NAME)";
				SUPPORTED_PLATFORMS = "iphoneos iphonesimulator";
				SUPPORTS_MACCATALYST = NO;
				SUPPORTS_MAC_DESIGNED_FOR_IPHONE_IPAD = NO;
				SWIFT_EMIT_LOC_STRINGS = YES;
				SWIFT_VERSION = 5.0;
				TARGETED_DEVICE_FAMILY = 1;
			};
			name = Debug;
		};
		D2D3FCBE2A1DB841000039FD /* Release */ = {
			isa = XCBuildConfiguration;
			buildSettings = {
				ASSETCATALOG_COMPILER_APPICON_NAME = AppIcon;
				ASSETCATALOG_COMPILER_GLOBAL_ACCENT_COLOR_NAME = AccentColor;
				CODE_SIGN_STYLE = Automatic;
				CURRENT_PROJECT_VERSION = 1;
				DEVELOPMENT_TEAM = N2WW86KJNF;
				GENERATE_INFOPLIST_FILE = YES;
				INFOPLIST_FILE = Weather/Info.plist;
				INFOPLIST_KEY_UIApplicationSupportsIndirectInputEvents = YES;
				INFOPLIST_KEY_UILaunchStoryboardName = LaunchScreen;
				INFOPLIST_KEY_UIMainStoryboardFile = Main;
				INFOPLIST_KEY_UISupportedInterfaceOrientations_iPad = "UIInterfaceOrientationPortrait UIInterfaceOrientationPortraitUpsideDown UIInterfaceOrientationLandscapeLeft UIInterfaceOrientationLandscapeRight";
				INFOPLIST_KEY_UISupportedInterfaceOrientations_iPhone = "UIInterfaceOrientationPortrait UIInterfaceOrientationLandscapeLeft UIInterfaceOrientationLandscapeRight";
				IPHONEOS_DEPLOYMENT_TARGET = 14.0;
				LD_RUNPATH_SEARCH_PATHS = (
					"$(inherited)",
					"@executable_path/Frameworks",
				);
				MARKETING_VERSION = 1.0;
				PRODUCT_BUNDLE_IDENTIFIER = woong.Weather;
				PRODUCT_NAME = "$(TARGET_NAME)";
				SUPPORTED_PLATFORMS = "iphoneos iphonesimulator";
				SUPPORTS_MACCATALYST = NO;
				SUPPORTS_MAC_DESIGNED_FOR_IPHONE_IPAD = NO;
				SWIFT_EMIT_LOC_STRINGS = YES;
				SWIFT_VERSION = 5.0;
				TARGETED_DEVICE_FAMILY = 1;
			};
			name = Release;
		};
/* End XCBuildConfiguration section */

/* Begin XCConfigurationList section */
		D2D3FCA32A1DB83E000039FD /* Build configuration list for PBXProject "Weather" */ = {
			isa = XCConfigurationList;
			buildConfigurations = (
				D2D3FCBA2A1DB841000039FD /* Debug */,
				D2D3FCBB2A1DB841000039FD /* Release */,
			);
			defaultConfigurationIsVisible = 0;
			defaultConfigurationName = Release;
		};
		D2D3FCBC2A1DB841000039FD /* Build configuration list for PBXNativeTarget "Weather" */ = {
			isa = XCConfigurationList;
			buildConfigurations = (
				D2D3FCBD2A1DB841000039FD /* Debug */,
				D2D3FCBE2A1DB841000039FD /* Release */,
			);
			defaultConfigurationIsVisible = 0;
			defaultConfigurationName = Release;
		};
/* End XCConfigurationList section */
	};
	rootObject = D2D3FCA02A1DB83E000039FD /* Project object */;
}
