// !$*UTF8*$!
{
	archiveVersion = 1;
	classes = {
	};
	objectVersion = 56;
	objects = {

/* Begin PBXBuildFile section */
		D21226D22A41933F009205E0 /* ImageManagerTests.swift in Sources */ = {isa = PBXBuildFile; fileRef = D21226D12A41933F009205E0 /* ImageManagerTests.swift */; };
		D21960492A45954500E92980 /* NetworkLoaderType.swift in Sources */ = {isa = PBXBuildFile; fileRef = D21960482A45954500E92980 /* NetworkLoaderType.swift */; };
		D219604C2A4597C900E92980 /* MockNetworkLoader.swift in Sources */ = {isa = PBXBuildFile; fileRef = D219604A2A4597AB00E92980 /* MockNetworkLoader.swift */; };
		D22BC1D92A394C9300CD5D2F /* Forecast.swift in Sources */ = {isa = PBXBuildFile; fileRef = D22BC1D82A394C9300CD5D2F /* Forecast.swift */; };
		D22BC1DB2A394CBB00CD5D2F /* CityWeather.swift in Sources */ = {isa = PBXBuildFile; fileRef = D22BC1DA2A394CBB00CD5D2F /* CityWeather.swift */; };
		D22BC1DF2A39521400CD5D2F /* Observable.swift in Sources */ = {isa = PBXBuildFile; fileRef = D22BC1DE2A39521400CD5D2F /* Observable.swift */; };
		D22BC1E72A3956AC00CD5D2F /* ObservableTests.swift in Sources */ = {isa = PBXBuildFile; fileRef = D22BC1E62A3956AC00CD5D2F /* ObservableTests.swift */; };
		D22BC1F52A39618E00CD5D2F /* WeatherViewModelTests.swift in Sources */ = {isa = PBXBuildFile; fileRef = D22BC1F42A39618E00CD5D2F /* WeatherViewModelTests.swift */; };
		D23663FD2A2A010C00D6CDD6 /* NetworkRepositoryTests.swift in Sources */ = {isa = PBXBuildFile; fileRef = D23663FC2A2A010C00D6CDD6 /* NetworkRepositoryTests.swift */; };
		D23664042A2A02CD00D6CDD6 /* StubURLSession.swift in Sources */ = {isa = PBXBuildFile; fileRef = D23664032A2A02CD00D6CDD6 /* StubURLSession.swift */; };
		D24807862A1FBB3900922838 /* CommonTitleHeaderView.swift in Sources */ = {isa = PBXBuildFile; fileRef = D24807852A1FBB3900922838 /* CommonTitleHeaderView.swift */; };
		D24807892A1FBFDD00922838 /* ReusableView.swift in Sources */ = {isa = PBXBuildFile; fileRef = D24807882A1FBFDD00922838 /* ReusableView.swift */; };
		D248078B2A1FC18000922838 /* HourlyCollectionViewCell.swift in Sources */ = {isa = PBXBuildFile; fileRef = D248078A2A1FC18000922838 /* HourlyCollectionViewCell.swift */; };
		D24BEF952A52DB95001ED5EE /* NSCollectionLayoutSection+Extension.swift in Sources */ = {isa = PBXBuildFile; fileRef = D24BEF942A52DB95001ED5EE /* NSCollectionLayoutSection+Extension.swift */; };
		D275F6222A3D7FFE002EB932 /* MemoryCacheStorage.swift in Sources */ = {isa = PBXBuildFile; fileRef = D275F6212A3D7FFD002EB932 /* MemoryCacheStorage.swift */; };
		D275F6242A3D84C9002EB932 /* DiskStorage.swift in Sources */ = {isa = PBXBuildFile; fileRef = D275F6232A3D84C9002EB932 /* DiskStorage.swift */; };
		D275F62D2A3D8559002EB932 /* MemoryCacheStorageTests.swift in Sources */ = {isa = PBXBuildFile; fileRef = D275F62C2A3D8559002EB932 /* MemoryCacheStorageTests.swift */; };
		D276833C2A5683BE0012AE33 /* CircleProgressView.swift in Sources */ = {isa = PBXBuildFile; fileRef = D276833B2A5683BE0012AE33 /* CircleProgressView.swift */; };
		D276AB7A2A29F225007E3677 /* URLSessionTests.swift in Sources */ = {isa = PBXBuildFile; fileRef = D276AB792A29F225007E3677 /* URLSessionTests.swift */; };
		D276AB842A29F3C8007E3677 /* URLSessionProtocol.swift in Sources */ = {isa = PBXBuildFile; fileRef = D276AB832A29F3C8007E3677 /* URLSessionProtocol.swift */; };
		D27F6F982A45CAA70091104E /* Double+Extension.swift in Sources */ = {isa = PBXBuildFile; fileRef = D27F6F972A45CAA70091104E /* Double+Extension.swift */; };
		D27F6F9A2A45D8610091104E /* String+Extension.swift in Sources */ = {isa = PBXBuildFile; fileRef = D27F6F992A45D8610091104E /* String+Extension.swift */; };
		D28E952D2A350DBE0076A8FA /* CityCollectionViewCell.swift in Sources */ = {isa = PBXBuildFile; fileRef = D28E952C2A350DBE0076A8FA /* CityCollectionViewCell.swift */; };
		D28E952F2A35200A0076A8FA /* CommonCollectionSectionHeaderView.swift in Sources */ = {isa = PBXBuildFile; fileRef = D28E952E2A35200A0076A8FA /* CommonCollectionSectionHeaderView.swift */; };
		D28E95312A3646F40076A8FA /* WindCollectionViewCell.swift in Sources */ = {isa = PBXBuildFile; fileRef = D28E95302A3646F40076A8FA /* WindCollectionViewCell.swift */; };
		D28E95332A364FC90076A8FA /* TempMapCollectionViewCell.swift in Sources */ = {isa = PBXBuildFile; fileRef = D28E95322A364FC90076A8FA /* TempMapCollectionViewCell.swift */; };
		D28E95352A3651FE0076A8FA /* DetailTwoLabelStyleCollectionViewCell.swift in Sources */ = {isa = PBXBuildFile; fileRef = D28E95342A3651FE0076A8FA /* DetailTwoLabelStyleCollectionViewCell.swift */; };
		D28E95392A3659920076A8FA /* FiveDayWeatherForecast.swift in Sources */ = {isa = PBXBuildFile; fileRef = D28E95382A3659920076A8FA /* FiveDayWeatherForecast.swift */; };
		D28E95442A367D1F0076A8FA /* NetworkServiceTests.swift in Sources */ = {isa = PBXBuildFile; fileRef = D28E95432A367D1F0076A8FA /* NetworkServiceTests.swift */; };
		D28E954B2A37A38D0076A8FA /* ProcessWeatherUsecase.swift in Sources */ = {isa = PBXBuildFile; fileRef = D28E954A2A37A38D0076A8FA /* ProcessWeatherUsecase.swift */; };
		D28E95532A384EC10076A8FA /* ProcessWeatherUsecaseTests.swift in Sources */ = {isa = PBXBuildFile; fileRef = D28E95522A384EC10076A8FA /* ProcessWeatherUsecaseTests.swift */; };
		D2ADF4EF2A547CC8003E6FC3 /* DetailSensoryGraphCollectionViewCell.swift in Sources */ = {isa = PBXBuildFile; fileRef = D2ADF4EE2A547CC8003E6FC3 /* DetailSensoryGraphCollectionViewCell.swift */; };
		D2ADF4F12A54952C003E6FC3 /* DetailPressureGraphCollectionViewCell.swift in Sources */ = {isa = PBXBuildFile; fileRef = D2ADF4F02A54952C003E6FC3 /* DetailPressureGraphCollectionViewCell.swift */; };
		D2BD80992A493F67009176F7 /* PageViewController.swift in Sources */ = {isa = PBXBuildFile; fileRef = D2BD80982A493F67009176F7 /* PageViewController.swift */; };
		D2C6F9852A58310500AEE8C8 /* UIColor+Extension.swift in Sources */ = {isa = PBXBuildFile; fileRef = D2C6F9842A58310500AEE8C8 /* UIColor+Extension.swift */; };
		D2D3FCAC2A1DB83E000039FD /* AppDelegate.swift in Sources */ = {isa = PBXBuildFile; fileRef = D2D3FCAB2A1DB83E000039FD /* AppDelegate.swift */; };
		D2D3FCAE2A1DB83E000039FD /* SceneDelegate.swift in Sources */ = {isa = PBXBuildFile; fileRef = D2D3FCAD2A1DB83E000039FD /* SceneDelegate.swift */; };
		D2D3FCB02A1DB83F000039FD /* WeatherViewController.swift in Sources */ = {isa = PBXBuildFile; fileRef = D2D3FCAF2A1DB83E000039FD /* WeatherViewController.swift */; };
		D2D3FCB52A1DB841000039FD /* Assets.xcassets in Resources */ = {isa = PBXBuildFile; fileRef = D2D3FCB42A1DB841000039FD /* Assets.xcassets */; };
		D2D3FCB82A1DB841000039FD /* LaunchScreen.storyboard in Resources */ = {isa = PBXBuildFile; fileRef = D2D3FCB62A1DB841000039FD /* LaunchScreen.storyboard */; };
		D2D3FCC42A1DBAFD000039FD /* EndPoint.swift in Sources */ = {isa = PBXBuildFile; fileRef = D2D3FCC32A1DBAFD000039FD /* EndPoint.swift */; };
		D2D3FCC62A1E190C000039FD /* NetworkService.swift in Sources */ = {isa = PBXBuildFile; fileRef = D2D3FCC52A1E190C000039FD /* NetworkService.swift */; };
		D2D3FCCA2A1E1BAE000039FD /* CurrentWeather.swift in Sources */ = {isa = PBXBuildFile; fileRef = D2D3FCC92A1E1BAE000039FD /* CurrentWeather.swift */; };
		D2D3FCCD2A1E1F22000039FD /* NetworkRepository.swift in Sources */ = {isa = PBXBuildFile; fileRef = D2D3FCCC2A1E1F22000039FD /* NetworkRepository.swift */; };
		D2D3FCCF2A1E2435000039FD /* NetworkError.swift in Sources */ = {isa = PBXBuildFile; fileRef = D2D3FCCE2A1E2435000039FD /* NetworkError.swift */; };
		D2D3FCD32A1FA71B000039FD /* WeatherViewModel.swift in Sources */ = {isa = PBXBuildFile; fileRef = D2D3FCD22A1FA71B000039FD /* WeatherViewModel.swift */; };
		D2DB780D2A53F37B0094B52D /* GradientProgressView.swift in Sources */ = {isa = PBXBuildFile; fileRef = D2DB780C2A53F37B0094B52D /* GradientProgressView.swift */; };
		D2DFAE002A452E4E00D0245E /* MockDiskStorage.swift in Sources */ = {isa = PBXBuildFile; fileRef = D2DFADFE2A452E3300D0245E /* MockDiskStorage.swift */; };
		D2DFAE032A45427B00D0245E /* MockMemoryCacheStorage.swift in Sources */ = {isa = PBXBuildFile; fileRef = D2DFAE012A45426100D0245E /* MockMemoryCacheStorage.swift */; };
		D2E329F82A4B364200734AE0 /* CommonCollectionBackgroundView.swift in Sources */ = {isa = PBXBuildFile; fileRef = D2E329F72A4B364200734AE0 /* CommonCollectionBackgroundView.swift */; };
		D2E5A1C42A3FD40F00392D4E /* DiskStorageTests.swift in Sources */ = {isa = PBXBuildFile; fileRef = D2E5A1C32A3FD40F00392D4E /* DiskStorageTests.swift */; };
		D2E5A1CB2A40118600392D4E /* DiskStorageError+Equatable.swift in Sources */ = {isa = PBXBuildFile; fileRef = D2E5A1CA2A40118600392D4E /* DiskStorageError+Equatable.swift */; };
		D2E5A1CD2A40399200392D4E /* ImageManager.swift in Sources */ = {isa = PBXBuildFile; fileRef = D2E5A1CC2A40399200392D4E /* ImageManager.swift */; };
/* End PBXBuildFile section */

/* Begin PBXContainerItemProxy section */
		D21226D32A41933F009205E0 /* PBXContainerItemProxy */ = {
			isa = PBXContainerItemProxy;
			containerPortal = D2D3FCA02A1DB83E000039FD /* Project object */;
			proxyType = 1;
			remoteGlobalIDString = D2D3FCA72A1DB83E000039FD;
			remoteInfo = Weather;
		};
		D22BC1E82A3956AC00CD5D2F /* PBXContainerItemProxy */ = {
			isa = PBXContainerItemProxy;
			containerPortal = D2D3FCA02A1DB83E000039FD /* Project object */;
			proxyType = 1;
			remoteGlobalIDString = D2D3FCA72A1DB83E000039FD;
			remoteInfo = Weather;
		};
		D22BC1F62A39618E00CD5D2F /* PBXContainerItemProxy */ = {
			isa = PBXContainerItemProxy;
			containerPortal = D2D3FCA02A1DB83E000039FD /* Project object */;
			proxyType = 1;
			remoteGlobalIDString = D2D3FCA72A1DB83E000039FD;
			remoteInfo = Weather;
		};
		D23663FE2A2A010C00D6CDD6 /* PBXContainerItemProxy */ = {
			isa = PBXContainerItemProxy;
			containerPortal = D2D3FCA02A1DB83E000039FD /* Project object */;
			proxyType = 1;
			remoteGlobalIDString = D2D3FCA72A1DB83E000039FD;
			remoteInfo = Weather;
		};
		D275F62E2A3D8559002EB932 /* PBXContainerItemProxy */ = {
			isa = PBXContainerItemProxy;
			containerPortal = D2D3FCA02A1DB83E000039FD /* Project object */;
			proxyType = 1;
			remoteGlobalIDString = D2D3FCA72A1DB83E000039FD;
			remoteInfo = Weather;
		};
		D276AB7B2A29F225007E3677 /* PBXContainerItemProxy */ = {
			isa = PBXContainerItemProxy;
			containerPortal = D2D3FCA02A1DB83E000039FD /* Project object */;
			proxyType = 1;
			remoteGlobalIDString = D2D3FCA72A1DB83E000039FD;
			remoteInfo = Weather;
		};
		D28E95452A367D1F0076A8FA /* PBXContainerItemProxy */ = {
			isa = PBXContainerItemProxy;
			containerPortal = D2D3FCA02A1DB83E000039FD /* Project object */;
			proxyType = 1;
			remoteGlobalIDString = D2D3FCA72A1DB83E000039FD;
			remoteInfo = Weather;
		};
		D28E95542A384EC10076A8FA /* PBXContainerItemProxy */ = {
			isa = PBXContainerItemProxy;
			containerPortal = D2D3FCA02A1DB83E000039FD /* Project object */;
			proxyType = 1;
			remoteGlobalIDString = D2D3FCA72A1DB83E000039FD;
			remoteInfo = Weather;
		};
		D2E5A1C52A3FD40F00392D4E /* PBXContainerItemProxy */ = {
			isa = PBXContainerItemProxy;
			containerPortal = D2D3FCA02A1DB83E000039FD /* Project object */;
			proxyType = 1;
			remoteGlobalIDString = D2D3FCA72A1DB83E000039FD;
			remoteInfo = Weather;
		};
/* End PBXContainerItemProxy section */

/* Begin PBXFileReference section */
		D21226CF2A41933F009205E0 /* ImageManagerTests.xctest */ = {isa = PBXFileReference; explicitFileType = wrapper.cfbundle; includeInIndex = 0; path = ImageManagerTests.xctest; sourceTree = BUILT_PRODUCTS_DIR; };
		D21226D12A41933F009205E0 /* ImageManagerTests.swift */ = {isa = PBXFileReference; lastKnownFileType = sourcecode.swift; path = ImageManagerTests.swift; sourceTree = "<group>"; };
		D21960482A45954500E92980 /* NetworkLoaderType.swift */ = {isa = PBXFileReference; lastKnownFileType = sourcecode.swift; path = NetworkLoaderType.swift; sourceTree = "<group>"; };
		D219604A2A4597AB00E92980 /* MockNetworkLoader.swift */ = {isa = PBXFileReference; lastKnownFileType = sourcecode.swift; path = MockNetworkLoader.swift; sourceTree = "<group>"; };
		D22BC1D82A394C9300CD5D2F /* Forecast.swift */ = {isa = PBXFileReference; lastKnownFileType = sourcecode.swift; path = Forecast.swift; sourceTree = "<group>"; };
		D22BC1DA2A394CBB00CD5D2F /* CityWeather.swift */ = {isa = PBXFileReference; lastKnownFileType = sourcecode.swift; path = CityWeather.swift; sourceTree = "<group>"; };
		D22BC1DE2A39521400CD5D2F /* Observable.swift */ = {isa = PBXFileReference; lastKnownFileType = sourcecode.swift; path = Observable.swift; sourceTree = "<group>"; };
		D22BC1E42A3956AC00CD5D2F /* ObservableTests.xctest */ = {isa = PBXFileReference; explicitFileType = wrapper.cfbundle; includeInIndex = 0; path = ObservableTests.xctest; sourceTree = BUILT_PRODUCTS_DIR; };
		D22BC1E62A3956AC00CD5D2F /* ObservableTests.swift */ = {isa = PBXFileReference; lastKnownFileType = sourcecode.swift; path = ObservableTests.swift; sourceTree = "<group>"; };
		D22BC1F22A39618E00CD5D2F /* WeatherViewModelTests.xctest */ = {isa = PBXFileReference; explicitFileType = wrapper.cfbundle; includeInIndex = 0; path = WeatherViewModelTests.xctest; sourceTree = BUILT_PRODUCTS_DIR; };
		D22BC1F42A39618E00CD5D2F /* WeatherViewModelTests.swift */ = {isa = PBXFileReference; lastKnownFileType = sourcecode.swift; path = WeatherViewModelTests.swift; sourceTree = "<group>"; };
		D23663FA2A2A010C00D6CDD6 /* NetworkRepositoryTests.xctest */ = {isa = PBXFileReference; explicitFileType = wrapper.cfbundle; includeInIndex = 0; path = NetworkRepositoryTests.xctest; sourceTree = BUILT_PRODUCTS_DIR; };
		D23663FC2A2A010C00D6CDD6 /* NetworkRepositoryTests.swift */ = {isa = PBXFileReference; lastKnownFileType = sourcecode.swift; path = NetworkRepositoryTests.swift; sourceTree = "<group>"; };
		D23664032A2A02CD00D6CDD6 /* StubURLSession.swift */ = {isa = PBXFileReference; lastKnownFileType = sourcecode.swift; path = StubURLSession.swift; sourceTree = "<group>"; };
		D24807852A1FBB3900922838 /* CommonTitleHeaderView.swift */ = {isa = PBXFileReference; lastKnownFileType = sourcecode.swift; path = CommonTitleHeaderView.swift; sourceTree = "<group>"; };
		D24807882A1FBFDD00922838 /* ReusableView.swift */ = {isa = PBXFileReference; lastKnownFileType = sourcecode.swift; path = ReusableView.swift; sourceTree = "<group>"; };
		D248078A2A1FC18000922838 /* HourlyCollectionViewCell.swift */ = {isa = PBXFileReference; lastKnownFileType = sourcecode.swift; path = HourlyCollectionViewCell.swift; sourceTree = "<group>"; };
		D24BEF942A52DB95001ED5EE /* NSCollectionLayoutSection+Extension.swift */ = {isa = PBXFileReference; lastKnownFileType = sourcecode.swift; path = "NSCollectionLayoutSection+Extension.swift"; sourceTree = "<group>"; };
		D275F6212A3D7FFD002EB932 /* MemoryCacheStorage.swift */ = {isa = PBXFileReference; lastKnownFileType = sourcecode.swift; path = MemoryCacheStorage.swift; sourceTree = "<group>"; };
		D275F6232A3D84C9002EB932 /* DiskStorage.swift */ = {isa = PBXFileReference; lastKnownFileType = sourcecode.swift; path = DiskStorage.swift; sourceTree = "<group>"; };
		D275F62A2A3D8558002EB932 /* MemoryCacheStorageTests.xctest */ = {isa = PBXFileReference; explicitFileType = wrapper.cfbundle; includeInIndex = 0; path = MemoryCacheStorageTests.xctest; sourceTree = BUILT_PRODUCTS_DIR; };
		D275F62C2A3D8559002EB932 /* MemoryCacheStorageTests.swift */ = {isa = PBXFileReference; lastKnownFileType = sourcecode.swift; path = MemoryCacheStorageTests.swift; sourceTree = "<group>"; };
		D276833B2A5683BE0012AE33 /* CircleProgressView.swift */ = {isa = PBXFileReference; lastKnownFileType = sourcecode.swift; path = CircleProgressView.swift; sourceTree = "<group>"; };
		D276AB772A29F224007E3677 /* URLSessionTests.xctest */ = {isa = PBXFileReference; explicitFileType = wrapper.cfbundle; includeInIndex = 0; path = URLSessionTests.xctest; sourceTree = BUILT_PRODUCTS_DIR; };
		D276AB792A29F225007E3677 /* URLSessionTests.swift */ = {isa = PBXFileReference; lastKnownFileType = sourcecode.swift; path = URLSessionTests.swift; sourceTree = "<group>"; };
		D276AB832A29F3C8007E3677 /* URLSessionProtocol.swift */ = {isa = PBXFileReference; lastKnownFileType = sourcecode.swift; path = URLSessionProtocol.swift; sourceTree = "<group>"; };
		D27F6F972A45CAA70091104E /* Double+Extension.swift */ = {isa = PBXFileReference; lastKnownFileType = sourcecode.swift; path = "Double+Extension.swift"; sourceTree = "<group>"; };
		D27F6F992A45D8610091104E /* String+Extension.swift */ = {isa = PBXFileReference; lastKnownFileType = sourcecode.swift; path = "String+Extension.swift"; sourceTree = "<group>"; };
		D28E952C2A350DBE0076A8FA /* CityCollectionViewCell.swift */ = {isa = PBXFileReference; lastKnownFileType = sourcecode.swift; path = CityCollectionViewCell.swift; sourceTree = "<group>"; };
		D28E952E2A35200A0076A8FA /* CommonCollectionSectionHeaderView.swift */ = {isa = PBXFileReference; lastKnownFileType = sourcecode.swift; path = CommonCollectionSectionHeaderView.swift; sourceTree = "<group>"; };
		D28E95302A3646F40076A8FA /* WindCollectionViewCell.swift */ = {isa = PBXFileReference; lastKnownFileType = sourcecode.swift; path = WindCollectionViewCell.swift; sourceTree = "<group>"; };
		D28E95322A364FC90076A8FA /* TempMapCollectionViewCell.swift */ = {isa = PBXFileReference; lastKnownFileType = sourcecode.swift; path = TempMapCollectionViewCell.swift; sourceTree = "<group>"; };
		D28E95342A3651FE0076A8FA /* DetailTwoLabelStyleCollectionViewCell.swift */ = {isa = PBXFileReference; lastKnownFileType = sourcecode.swift; path = DetailTwoLabelStyleCollectionViewCell.swift; sourceTree = "<group>"; };
		D28E95382A3659920076A8FA /* FiveDayWeatherForecast.swift */ = {isa = PBXFileReference; lastKnownFileType = sourcecode.swift; path = FiveDayWeatherForecast.swift; sourceTree = "<group>"; };
		D28E95412A367D1F0076A8FA /* NetworkServiceTests.xctest */ = {isa = PBXFileReference; explicitFileType = wrapper.cfbundle; includeInIndex = 0; path = NetworkServiceTests.xctest; sourceTree = BUILT_PRODUCTS_DIR; };
		D28E95432A367D1F0076A8FA /* NetworkServiceTests.swift */ = {isa = PBXFileReference; lastKnownFileType = sourcecode.swift; path = NetworkServiceTests.swift; sourceTree = "<group>"; };
		D28E954A2A37A38D0076A8FA /* ProcessWeatherUsecase.swift */ = {isa = PBXFileReference; lastKnownFileType = sourcecode.swift; path = ProcessWeatherUsecase.swift; sourceTree = "<group>"; };
		D28E95502A384EC10076A8FA /* ProcessWeatherUsecaseTests.xctest */ = {isa = PBXFileReference; explicitFileType = wrapper.cfbundle; includeInIndex = 0; path = ProcessWeatherUsecaseTests.xctest; sourceTree = BUILT_PRODUCTS_DIR; };
		D28E95522A384EC10076A8FA /* ProcessWeatherUsecaseTests.swift */ = {isa = PBXFileReference; lastKnownFileType = sourcecode.swift; path = ProcessWeatherUsecaseTests.swift; sourceTree = "<group>"; };
		D2ADF4EE2A547CC8003E6FC3 /* DetailSensoryGraphCollectionViewCell.swift */ = {isa = PBXFileReference; lastKnownFileType = sourcecode.swift; path = DetailSensoryGraphCollectionViewCell.swift; sourceTree = "<group>"; };
		D2ADF4F02A54952C003E6FC3 /* DetailPressureGraphCollectionViewCell.swift */ = {isa = PBXFileReference; lastKnownFileType = sourcecode.swift; path = DetailPressureGraphCollectionViewCell.swift; sourceTree = "<group>"; };
		D2BD80982A493F67009176F7 /* PageViewController.swift */ = {isa = PBXFileReference; lastKnownFileType = sourcecode.swift; path = PageViewController.swift; sourceTree = "<group>"; };
		D2C6F9842A58310500AEE8C8 /* UIColor+Extension.swift */ = {isa = PBXFileReference; lastKnownFileType = sourcecode.swift; path = "UIColor+Extension.swift"; sourceTree = "<group>"; };
		D2D3FCA82A1DB83E000039FD /* Weather.app */ = {isa = PBXFileReference; explicitFileType = wrapper.application; includeInIndex = 0; path = Weather.app; sourceTree = BUILT_PRODUCTS_DIR; };
		D2D3FCAB2A1DB83E000039FD /* AppDelegate.swift */ = {isa = PBXFileReference; lastKnownFileType = sourcecode.swift; path = AppDelegate.swift; sourceTree = "<group>"; };
		D2D3FCAD2A1DB83E000039FD /* SceneDelegate.swift */ = {isa = PBXFileReference; lastKnownFileType = sourcecode.swift; path = SceneDelegate.swift; sourceTree = "<group>"; };
		D2D3FCAF2A1DB83E000039FD /* WeatherViewController.swift */ = {isa = PBXFileReference; lastKnownFileType = sourcecode.swift; path = WeatherViewController.swift; sourceTree = "<group>"; };
		D2D3FCB42A1DB841000039FD /* Assets.xcassets */ = {isa = PBXFileReference; lastKnownFileType = folder.assetcatalog; path = Assets.xcassets; sourceTree = "<group>"; };
		D2D3FCB72A1DB841000039FD /* Base */ = {isa = PBXFileReference; lastKnownFileType = file.storyboard; name = Base; path = Base.lproj/LaunchScreen.storyboard; sourceTree = "<group>"; };
		D2D3FCB92A1DB841000039FD /* Info.plist */ = {isa = PBXFileReference; lastKnownFileType = text.plist.xml; path = Info.plist; sourceTree = "<group>"; };
		D2D3FCC32A1DBAFD000039FD /* EndPoint.swift */ = {isa = PBXFileReference; lastKnownFileType = sourcecode.swift; path = EndPoint.swift; sourceTree = "<group>"; };
		D2D3FCC52A1E190C000039FD /* NetworkService.swift */ = {isa = PBXFileReference; lastKnownFileType = sourcecode.swift; path = NetworkService.swift; sourceTree = "<group>"; };
		D2D3FCC92A1E1BAE000039FD /* CurrentWeather.swift */ = {isa = PBXFileReference; lastKnownFileType = sourcecode.swift; path = CurrentWeather.swift; sourceTree = "<group>"; };
		D2D3FCCC2A1E1F22000039FD /* NetworkRepository.swift */ = {isa = PBXFileReference; lastKnownFileType = sourcecode.swift; path = NetworkRepository.swift; sourceTree = "<group>"; };
		D2D3FCCE2A1E2435000039FD /* NetworkError.swift */ = {isa = PBXFileReference; lastKnownFileType = sourcecode.swift; path = NetworkError.swift; sourceTree = "<group>"; };
		D2D3FCD22A1FA71B000039FD /* WeatherViewModel.swift */ = {isa = PBXFileReference; lastKnownFileType = sourcecode.swift; path = WeatherViewModel.swift; sourceTree = "<group>"; };
		D2DB780C2A53F37B0094B52D /* GradientProgressView.swift */ = {isa = PBXFileReference; lastKnownFileType = sourcecode.swift; path = GradientProgressView.swift; sourceTree = "<group>"; };
		D2DFADFE2A452E3300D0245E /* MockDiskStorage.swift */ = {isa = PBXFileReference; lastKnownFileType = sourcecode.swift; path = MockDiskStorage.swift; sourceTree = "<group>"; };
		D2DFAE012A45426100D0245E /* MockMemoryCacheStorage.swift */ = {isa = PBXFileReference; lastKnownFileType = sourcecode.swift; path = MockMemoryCacheStorage.swift; sourceTree = "<group>"; };
		D2E329F72A4B364200734AE0 /* CommonCollectionBackgroundView.swift */ = {isa = PBXFileReference; lastKnownFileType = sourcecode.swift; path = CommonCollectionBackgroundView.swift; sourceTree = "<group>"; };
		D2E5A1C12A3FD40F00392D4E /* DiskStorageTests.xctest */ = {isa = PBXFileReference; explicitFileType = wrapper.cfbundle; includeInIndex = 0; path = DiskStorageTests.xctest; sourceTree = BUILT_PRODUCTS_DIR; };
		D2E5A1C32A3FD40F00392D4E /* DiskStorageTests.swift */ = {isa = PBXFileReference; lastKnownFileType = sourcecode.swift; path = DiskStorageTests.swift; sourceTree = "<group>"; };
		D2E5A1CA2A40118600392D4E /* DiskStorageError+Equatable.swift */ = {isa = PBXFileReference; lastKnownFileType = sourcecode.swift; path = "DiskStorageError+Equatable.swift"; sourceTree = "<group>"; };
		D2E5A1CC2A40399200392D4E /* ImageManager.swift */ = {isa = PBXFileReference; lastKnownFileType = sourcecode.swift; path = ImageManager.swift; sourceTree = "<group>"; };
/* End PBXFileReference section */

/* Begin PBXFrameworksBuildPhase section */
		D21226CC2A41933F009205E0 /* Frameworks */ = {
			isa = PBXFrameworksBuildPhase;
			buildActionMask = 2147483647;
			files = (
			);
			runOnlyForDeploymentPostprocessing = 0;
		};
		D22BC1E12A3956AC00CD5D2F /* Frameworks */ = {
			isa = PBXFrameworksBuildPhase;
			buildActionMask = 2147483647;
			files = (
			);
			runOnlyForDeploymentPostprocessing = 0;
		};
		D22BC1EF2A39618E00CD5D2F /* Frameworks */ = {
			isa = PBXFrameworksBuildPhase;
			buildActionMask = 2147483647;
			files = (
			);
			runOnlyForDeploymentPostprocessing = 0;
		};
		D23663F72A2A010C00D6CDD6 /* Frameworks */ = {
			isa = PBXFrameworksBuildPhase;
			buildActionMask = 2147483647;
			files = (
			);
			runOnlyForDeploymentPostprocessing = 0;
		};
		D275F6272A3D8558002EB932 /* Frameworks */ = {
			isa = PBXFrameworksBuildPhase;
			buildActionMask = 2147483647;
			files = (
			);
			runOnlyForDeploymentPostprocessing = 0;
		};
		D276AB742A29F224007E3677 /* Frameworks */ = {
			isa = PBXFrameworksBuildPhase;
			buildActionMask = 2147483647;
			files = (
			);
			runOnlyForDeploymentPostprocessing = 0;
		};
		D28E953E2A367D1F0076A8FA /* Frameworks */ = {
			isa = PBXFrameworksBuildPhase;
			buildActionMask = 2147483647;
			files = (
			);
			runOnlyForDeploymentPostprocessing = 0;
		};
		D28E954D2A384EC10076A8FA /* Frameworks */ = {
			isa = PBXFrameworksBuildPhase;
			buildActionMask = 2147483647;
			files = (
			);
			runOnlyForDeploymentPostprocessing = 0;
		};
		D2D3FCA52A1DB83E000039FD /* Frameworks */ = {
			isa = PBXFrameworksBuildPhase;
			buildActionMask = 2147483647;
			files = (
			);
			runOnlyForDeploymentPostprocessing = 0;
		};
		D2E5A1BE2A3FD40F00392D4E /* Frameworks */ = {
			isa = PBXFrameworksBuildPhase;
			buildActionMask = 2147483647;
			files = (
			);
			runOnlyForDeploymentPostprocessing = 0;
		};
/* End PBXFrameworksBuildPhase section */

/* Begin PBXGroup section */
		D21226D02A41933F009205E0 /* ImageManagerTests */ = {
			isa = PBXGroup;
			children = (
				D2DFADFD2A452DE900D0245E /* TestDouble */,
				D21226D12A41933F009205E0 /* ImageManagerTests.swift */,
			);
			path = ImageManagerTests;
			sourceTree = "<group>";
		};
		D22BC1D62A393EF800CD5D2F /* Usecase */ = {
			isa = PBXGroup;
			children = (
				D28E954A2A37A38D0076A8FA /* ProcessWeatherUsecase.swift */,
				D2D3FCC32A1DBAFD000039FD /* EndPoint.swift */,
				D22BC1D72A394C5400CD5D2F /* DecodeModel */,
			);
			path = Usecase;
			sourceTree = "<group>";
		};
		D22BC1D72A394C5400CD5D2F /* DecodeModel */ = {
			isa = PBXGroup;
			children = (
				D2D3FCC92A1E1BAE000039FD /* CurrentWeather.swift */,
				D28E95382A3659920076A8FA /* FiveDayWeatherForecast.swift */,
			);
			path = DecodeModel;
			sourceTree = "<group>";
		};
		D22BC1DC2A394EF800CD5D2F /* Usecase */ = {
			isa = PBXGroup;
			children = (
				D28E95512A384EC10076A8FA /* ProcessWeatherUsecaseTests */,
			);
			path = Usecase;
			sourceTree = "<group>";
		};
		D22BC1DD2A39520200CD5D2F /* Infrastructure */ = {
			isa = PBXGroup;
			children = (
				D22BC1DE2A39521400CD5D2F /* Observable.swift */,
				D24807882A1FBFDD00922838 /* ReusableView.swift */,
			);
			path = Infrastructure;
			sourceTree = "<group>";
		};
		D22BC1E52A3956AC00CD5D2F /* ObservableTests */ = {
			isa = PBXGroup;
			children = (
				D22BC1E62A3956AC00CD5D2F /* ObservableTests.swift */,
			);
			path = ObservableTests;
			sourceTree = "<group>";
		};
		D22BC1ED2A395BB300CD5D2F /* Presentation */ = {
			isa = PBXGroup;
			children = (
				D22BC1F32A39618E00CD5D2F /* WeatherViewModelTests */,
				D22BC1E52A3956AC00CD5D2F /* ObservableTests */,
			);
			path = Presentation;
			sourceTree = "<group>";
		};
		D22BC1F32A39618E00CD5D2F /* WeatherViewModelTests */ = {
			isa = PBXGroup;
			children = (
				D22BC1F42A39618E00CD5D2F /* WeatherViewModelTests.swift */,
			);
			path = WeatherViewModelTests;
			sourceTree = "<group>";
		};
		D23663FB2A2A010C00D6CDD6 /* NetworkRepositoryTests */ = {
			isa = PBXGroup;
			children = (
				D23663FC2A2A010C00D6CDD6 /* NetworkRepositoryTests.swift */,
			);
			path = NetworkRepositoryTests;
			sourceTree = "<group>";
		};
		D241F7442A4EFEB00050ACF1 /* DetailSectionCells */ = {
			isa = PBXGroup;
			children = (
				D28E95342A3651FE0076A8FA /* DetailTwoLabelStyleCollectionViewCell.swift */,
				D2ADF4EE2A547CC8003E6FC3 /* DetailSensoryGraphCollectionViewCell.swift */,
				D2ADF4F02A54952C003E6FC3 /* DetailPressureGraphCollectionViewCell.swift */,
			);
			path = DetailSectionCells;
			sourceTree = "<group>";
		};
		D241F7452A4EFECE0050ACF1 /* NormalSectionCells */ = {
			isa = PBXGroup;
			children = (
				D248078A2A1FC18000922838 /* HourlyCollectionViewCell.swift */,
				D28E952C2A350DBE0076A8FA /* CityCollectionViewCell.swift */,
				D28E95302A3646F40076A8FA /* WindCollectionViewCell.swift */,
				D28E95322A364FC90076A8FA /* TempMapCollectionViewCell.swift */,
			);
			path = NormalSectionCells;
			sourceTree = "<group>";
		};
		D24807812A1FB5CE00922838 /* CustomView */ = {
			isa = PBXGroup;
			children = (
				D2DB780B2A53F33A0094B52D /* Custom */,
				D2BD80BE2A49CB8E009176F7 /* CommonView */,
				D24807872A1FBB4200922838 /* Header */,
				D24807822A1FB7A500922838 /* Cell */,
			);
			path = CustomView;
			sourceTree = "<group>";
		};
		D24807822A1FB7A500922838 /* Cell */ = {
			isa = PBXGroup;
			children = (
				D241F7452A4EFECE0050ACF1 /* NormalSectionCells */,
				D241F7442A4EFEB00050ACF1 /* DetailSectionCells */,
			);
			path = Cell;
			sourceTree = "<group>";
		};
		D24807872A1FBB4200922838 /* Header */ = {
			isa = PBXGroup;
			children = (
				D24807852A1FBB3900922838 /* CommonTitleHeaderView.swift */,
				D28E952E2A35200A0076A8FA /* CommonCollectionSectionHeaderView.swift */,
			);
			path = Header;
			sourceTree = "<group>";
		};
		D2738ED22A7F57DA00C2A2D6 /* ImageManager */ = {
			isa = PBXGroup;
			children = (
				D2E5A1CC2A40399200392D4E /* ImageManager.swift */,
				D275F6212A3D7FFD002EB932 /* MemoryCacheStorage.swift */,
				D275F6232A3D84C9002EB932 /* DiskStorage.swift */,
				D21960482A45954500E92980 /* NetworkLoaderType.swift */,
			);
			path = ImageManager;
			sourceTree = "<group>";
		};
		D2738ED32A7F594C00C2A2D6 /* Network */ = {
			isa = PBXGroup;
			children = (
				D2D3FCC52A1E190C000039FD /* NetworkService.swift */,
			);
			path = Network;
			sourceTree = "<group>";
		};
		D275F6202A3D7359002EB932 /* Data */ = {
			isa = PBXGroup;
			children = (
				D2D3FCC22A1DBA87000039FD /* Repository */,
				D2738ED22A7F57DA00C2A2D6 /* ImageManager */,
				D2D3FCBF2A1DBA00000039FD /* Infrastructure */,
			);
			path = Data;
			sourceTree = "<group>";
		};
		D275F6252A3D8537002EB932 /* DataSource */ = {
			isa = PBXGroup;
			children = (
				D21226D02A41933F009205E0 /* ImageManagerTests */,
				D2E5A1C22A3FD40F00392D4E /* DiskStorageTests */,
				D275F62B2A3D8559002EB932 /* MemoryCacheStorageTests */,
			);
			path = DataSource;
			sourceTree = "<group>";
		};
		D275F62B2A3D8559002EB932 /* MemoryCacheStorageTests */ = {
			isa = PBXGroup;
			children = (
				D275F62C2A3D8559002EB932 /* MemoryCacheStorageTests.swift */,
			);
			path = MemoryCacheStorageTests;
			sourceTree = "<group>";
		};
		D276AB782A29F224007E3677 /* URLSessionTests */ = {
			isa = PBXGroup;
			children = (
				D276AB792A29F225007E3677 /* URLSessionTests.swift */,
			);
			path = URLSessionTests;
			sourceTree = "<group>";
		};
		D276AB802A29F24F007E3677 /* Tests */ = {
			isa = PBXGroup;
			children = (
				D275F6252A3D8537002EB932 /* DataSource */,
				D22BC1ED2A395BB300CD5D2F /* Presentation */,
				D22BC1DC2A394EF800CD5D2F /* Usecase */,
				D28E953C2A367CED0076A8FA /* Service */,
				D276AB812A29F282007E3677 /* Repository */,
			);
			path = Tests;
			sourceTree = "<group>";
		};
		D276AB812A29F282007E3677 /* Repository */ = {
			isa = PBXGroup;
			children = (
				D23663FB2A2A010C00D6CDD6 /* NetworkRepositoryTests */,
				D276AB782A29F224007E3677 /* URLSessionTests */,
			);
			path = Repository;
			sourceTree = "<group>";
		};
		D276AB822A29F3AF007E3677 /* TestDouble */ = {
			isa = PBXGroup;
			children = (
				D276AB832A29F3C8007E3677 /* URLSessionProtocol.swift */,
				D23664032A2A02CD00D6CDD6 /* StubURLSession.swift */,
			);
			path = TestDouble;
			sourceTree = "<group>";
		};
		D27F6F962A45CA890091104E /* Extension */ = {
			isa = PBXGroup;
			children = (
				D27F6F972A45CAA70091104E /* Double+Extension.swift */,
				D27F6F992A45D8610091104E /* String+Extension.swift */,
				D24BEF942A52DB95001ED5EE /* NSCollectionLayoutSection+Extension.swift */,
				D2C6F9842A58310500AEE8C8 /* UIColor+Extension.swift */,
			);
			path = Extension;
			sourceTree = "<group>";
		};
		D28E953C2A367CED0076A8FA /* Service */ = {
			isa = PBXGroup;
			children = (
				D28E95422A367D1F0076A8FA /* NetworkServiceTests */,
			);
			path = Service;
			sourceTree = "<group>";
		};
		D28E95422A367D1F0076A8FA /* NetworkServiceTests */ = {
			isa = PBXGroup;
			children = (
				D28E95432A367D1F0076A8FA /* NetworkServiceTests.swift */,
			);
			path = NetworkServiceTests;
			sourceTree = "<group>";
		};
		D28E95512A384EC10076A8FA /* ProcessWeatherUsecaseTests */ = {
			isa = PBXGroup;
			children = (
				D28E95522A384EC10076A8FA /* ProcessWeatherUsecaseTests.swift */,
			);
			path = ProcessWeatherUsecaseTests;
			sourceTree = "<group>";
		};
		D2BD80BE2A49CB8E009176F7 /* CommonView */ = {
			isa = PBXGroup;
			children = (
				D2E329F72A4B364200734AE0 /* CommonCollectionBackgroundView.swift */,
			);
			path = CommonView;
			sourceTree = "<group>";
		};
		D2D3FC9F2A1DB83E000039FD = {
			isa = PBXGroup;
			children = (
				D276AB802A29F24F007E3677 /* Tests */,
				D2D3FCAA2A1DB83E000039FD /* Weather */,
				D2D3FCA92A1DB83E000039FD /* Products */,
			);
			sourceTree = "<group>";
		};
		D2D3FCA92A1DB83E000039FD /* Products */ = {
			isa = PBXGroup;
			children = (
				D2D3FCA82A1DB83E000039FD /* Weather.app */,
				D276AB772A29F224007E3677 /* URLSessionTests.xctest */,
				D23663FA2A2A010C00D6CDD6 /* NetworkRepositoryTests.xctest */,
				D28E95412A367D1F0076A8FA /* NetworkServiceTests.xctest */,
				D28E95502A384EC10076A8FA /* ProcessWeatherUsecaseTests.xctest */,
				D22BC1E42A3956AC00CD5D2F /* ObservableTests.xctest */,
				D22BC1F22A39618E00CD5D2F /* WeatherViewModelTests.xctest */,
				D275F62A2A3D8558002EB932 /* MemoryCacheStorageTests.xctest */,
				D2E5A1C12A3FD40F00392D4E /* DiskStorageTests.xctest */,
				D21226CF2A41933F009205E0 /* ImageManagerTests.xctest */,
			);
			name = Products;
			sourceTree = "<group>";
		};
		D2D3FCAA2A1DB83E000039FD /* Weather */ = {
			isa = PBXGroup;
			children = (
				D2D3FCC82A1E1B7C000039FD /* Application */,
				D27F6F962A45CA890091104E /* Extension */,
				D2D3FCC72A1E1B61000039FD /* Presentation */,
				D2D3FCC12A1DBA7F000039FD /* Domain */,
				D275F6202A3D7359002EB932 /* Data */,
				D2D3FCB42A1DB841000039FD /* Assets.xcassets */,
				D2D3FCB92A1DB841000039FD /* Info.plist */,
			);
			path = Weather;
			sourceTree = "<group>";
		};
		D2D3FCBF2A1DBA00000039FD /* Infrastructure */ = {
			isa = PBXGroup;
			children = (
				D2738ED32A7F594C00C2A2D6 /* Network */,
			);
			path = Infrastructure;
			sourceTree = "<group>";
		};
		D2D3FCC02A1DBA0D000039FD /* Entity */ = {
			isa = PBXGroup;
			children = (
				D22BC1D82A394C9300CD5D2F /* Forecast.swift */,
				D22BC1DA2A394CBB00CD5D2F /* CityWeather.swift */,
			);
			path = Entity;
			sourceTree = "<group>";
		};
		D2D3FCC12A1DBA7F000039FD /* Domain */ = {
			isa = PBXGroup;
			children = (
				D2D3FCC02A1DBA0D000039FD /* Entity */,
				D22BC1D62A393EF800CD5D2F /* Usecase */,
			);
			path = Domain;
			sourceTree = "<group>";
		};
		D2D3FCC22A1DBA87000039FD /* Repository */ = {
			isa = PBXGroup;
			children = (
				D2D3FCCC2A1E1F22000039FD /* NetworkRepository.swift */,
				D2D3FCCE2A1E2435000039FD /* NetworkError.swift */,
				D276AB822A29F3AF007E3677 /* TestDouble */,
			);
			path = Repository;
			sourceTree = "<group>";
		};
		D2D3FCC72A1E1B61000039FD /* Presentation */ = {
			isa = PBXGroup;
			children = (
				D22BC1DD2A39520200CD5D2F /* Infrastructure */,
				D2D3FCCB2A1E1DFE000039FD /* MainView */,
				D2D3FCB62A1DB841000039FD /* LaunchScreen.storyboard */,
			);
			path = Presentation;
			sourceTree = "<group>";
		};
		D2D3FCC82A1E1B7C000039FD /* Application */ = {
			isa = PBXGroup;
			children = (
				D2D3FCAB2A1DB83E000039FD /* AppDelegate.swift */,
				D2D3FCAD2A1DB83E000039FD /* SceneDelegate.swift */,
			);
			path = Application;
			sourceTree = "<group>";
		};
		D2D3FCCB2A1E1DFE000039FD /* MainView */ = {
			isa = PBXGroup;
			children = (
				D24807812A1FB5CE00922838 /* CustomView */,
				D2BD80982A493F67009176F7 /* PageViewController.swift */,
				D2D3FCAF2A1DB83E000039FD /* WeatherViewController.swift */,
				D2D3FCD22A1FA71B000039FD /* WeatherViewModel.swift */,
			);
			path = MainView;
			sourceTree = "<group>";
		};
		D2DB780B2A53F33A0094B52D /* Custom */ = {
			isa = PBXGroup;
			children = (
				D2DB780C2A53F37B0094B52D /* GradientProgressView.swift */,
				D276833B2A5683BE0012AE33 /* CircleProgressView.swift */,
			);
			path = Custom;
			sourceTree = "<group>";
		};
		D2DFADFD2A452DE900D0245E /* TestDouble */ = {
			isa = PBXGroup;
			children = (
				D2DFADFE2A452E3300D0245E /* MockDiskStorage.swift */,
				D2DFAE012A45426100D0245E /* MockMemoryCacheStorage.swift */,
				D219604A2A4597AB00E92980 /* MockNetworkLoader.swift */,
			);
			path = TestDouble;
			sourceTree = "<group>";
		};
		D2E5A1C22A3FD40F00392D4E /* DiskStorageTests */ = {
			isa = PBXGroup;
			children = (
				D2E5A1C32A3FD40F00392D4E /* DiskStorageTests.swift */,
				D2E5A1CA2A40118600392D4E /* DiskStorageError+Equatable.swift */,
			);
			path = DiskStorageTests;
			sourceTree = "<group>";
		};
/* End PBXGroup section */

/* Begin PBXNativeTarget section */
		D21226CE2A41933F009205E0 /* ImageManagerTests */ = {
			isa = PBXNativeTarget;
			buildConfigurationList = D21226D72A41933F009205E0 /* Build configuration list for PBXNativeTarget "ImageManagerTests" */;
			buildPhases = (
				D21226CB2A41933F009205E0 /* Sources */,
				D21226CC2A41933F009205E0 /* Frameworks */,
				D21226CD2A41933F009205E0 /* Resources */,
			);
			buildRules = (
			);
			dependencies = (
				D21226D42A41933F009205E0 /* PBXTargetDependency */,
			);
			name = ImageManagerTests;
			productName = ImageManagerTests;
			productReference = D21226CF2A41933F009205E0 /* ImageManagerTests.xctest */;
			productType = "com.apple.product-type.bundle.unit-test";
		};
		D22BC1E32A3956AC00CD5D2F /* ObservableTests */ = {
			isa = PBXNativeTarget;
			buildConfigurationList = D22BC1EA2A3956AC00CD5D2F /* Build configuration list for PBXNativeTarget "ObservableTests" */;
			buildPhases = (
				D22BC1E02A3956AC00CD5D2F /* Sources */,
				D22BC1E12A3956AC00CD5D2F /* Frameworks */,
				D22BC1E22A3956AC00CD5D2F /* Resources */,
			);
			buildRules = (
			);
			dependencies = (
				D22BC1E92A3956AC00CD5D2F /* PBXTargetDependency */,
			);
			name = ObservableTests;
			productName = ObservableTests;
			productReference = D22BC1E42A3956AC00CD5D2F /* ObservableTests.xctest */;
			productType = "com.apple.product-type.bundle.unit-test";
		};
		D22BC1F12A39618E00CD5D2F /* WeatherViewModelTests */ = {
			isa = PBXNativeTarget;
			buildConfigurationList = D22BC1F82A39618E00CD5D2F /* Build configuration list for PBXNativeTarget "WeatherViewModelTests" */;
			buildPhases = (
				D22BC1EE2A39618E00CD5D2F /* Sources */,
				D22BC1EF2A39618E00CD5D2F /* Frameworks */,
				D22BC1F02A39618E00CD5D2F /* Resources */,
			);
			buildRules = (
			);
			dependencies = (
				D22BC1F72A39618E00CD5D2F /* PBXTargetDependency */,
			);
			name = WeatherViewModelTests;
			productName = WeatherViewModelTests;
			productReference = D22BC1F22A39618E00CD5D2F /* WeatherViewModelTests.xctest */;
			productType = "com.apple.product-type.bundle.unit-test";
		};
		D23663F92A2A010C00D6CDD6 /* NetworkRepositoryTests */ = {
			isa = PBXNativeTarget;
			buildConfigurationList = D23664002A2A010C00D6CDD6 /* Build configuration list for PBXNativeTarget "NetworkRepositoryTests" */;
			buildPhases = (
				D23663F62A2A010C00D6CDD6 /* Sources */,
				D23663F72A2A010C00D6CDD6 /* Frameworks */,
				D23663F82A2A010C00D6CDD6 /* Resources */,
			);
			buildRules = (
			);
			dependencies = (
				D23663FF2A2A010C00D6CDD6 /* PBXTargetDependency */,
			);
			name = NetworkRepositoryTests;
			productName = NetworkRepositoryTests;
			productReference = D23663FA2A2A010C00D6CDD6 /* NetworkRepositoryTests.xctest */;
			productType = "com.apple.product-type.bundle.unit-test";
		};
		D275F6292A3D8558002EB932 /* MemoryCacheStorageTests */ = {
			isa = PBXNativeTarget;
			buildConfigurationList = D275F6302A3D8559002EB932 /* Build configuration list for PBXNativeTarget "MemoryCacheStorageTests" */;
			buildPhases = (
				D275F6262A3D8558002EB932 /* Sources */,
				D275F6272A3D8558002EB932 /* Frameworks */,
				D275F6282A3D8558002EB932 /* Resources */,
			);
			buildRules = (
			);
			dependencies = (
				D275F62F2A3D8559002EB932 /* PBXTargetDependency */,
			);
			name = MemoryCacheStorageTests;
			productName = MemoryCacheStorageTests;
			productReference = D275F62A2A3D8558002EB932 /* MemoryCacheStorageTests.xctest */;
			productType = "com.apple.product-type.bundle.unit-test";
		};
		D276AB762A29F224007E3677 /* URLSessionTests */ = {
			isa = PBXNativeTarget;
			buildConfigurationList = D276AB7D2A29F225007E3677 /* Build configuration list for PBXNativeTarget "URLSessionTests" */;
			buildPhases = (
				D276AB732A29F224007E3677 /* Sources */,
				D276AB742A29F224007E3677 /* Frameworks */,
				D276AB752A29F224007E3677 /* Resources */,
			);
			buildRules = (
			);
			dependencies = (
				D276AB7C2A29F225007E3677 /* PBXTargetDependency */,
			);
			name = URLSessionTests;
			productName = NetworkRepositoryTests;
			productReference = D276AB772A29F224007E3677 /* URLSessionTests.xctest */;
			productType = "com.apple.product-type.bundle.unit-test";
		};
		D28E95402A367D1F0076A8FA /* NetworkServiceTests */ = {
			isa = PBXNativeTarget;
			buildConfigurationList = D28E95472A367D200076A8FA /* Build configuration list for PBXNativeTarget "NetworkServiceTests" */;
			buildPhases = (
				D28E953D2A367D1F0076A8FA /* Sources */,
				D28E953E2A367D1F0076A8FA /* Frameworks */,
				D28E953F2A367D1F0076A8FA /* Resources */,
			);
			buildRules = (
			);
			dependencies = (
				D28E95462A367D1F0076A8FA /* PBXTargetDependency */,
			);
			name = NetworkServiceTests;
			productName = NetworkServiceTests;
			productReference = D28E95412A367D1F0076A8FA /* NetworkServiceTests.xctest */;
			productType = "com.apple.product-type.bundle.unit-test";
		};
		D28E954F2A384EC10076A8FA /* ProcessWeatherUsecaseTests */ = {
			isa = PBXNativeTarget;
			buildConfigurationList = D28E95562A384EC10076A8FA /* Build configuration list for PBXNativeTarget "ProcessWeatherUsecaseTests" */;
			buildPhases = (
				D28E954C2A384EC10076A8FA /* Sources */,
				D28E954D2A384EC10076A8FA /* Frameworks */,
				D28E954E2A384EC10076A8FA /* Resources */,
			);
			buildRules = (
			);
			dependencies = (
				D28E95552A384EC10076A8FA /* PBXTargetDependency */,
			);
			name = ProcessWeatherUsecaseTests;
			productName = DataTransferTests;
			productReference = D28E95502A384EC10076A8FA /* ProcessWeatherUsecaseTests.xctest */;
			productType = "com.apple.product-type.bundle.unit-test";
		};
		D2D3FCA72A1DB83E000039FD /* Weather */ = {
			isa = PBXNativeTarget;
			buildConfigurationList = D2D3FCBC2A1DB841000039FD /* Build configuration list for PBXNativeTarget "Weather" */;
			buildPhases = (
				D2D3FCA42A1DB83E000039FD /* Sources */,
				D2D3FCA52A1DB83E000039FD /* Frameworks */,
				D2D3FCA62A1DB83E000039FD /* Resources */,
			);
			buildRules = (
			);
			dependencies = (
			);
			name = Weather;
			productName = Weather;
			productReference = D2D3FCA82A1DB83E000039FD /* Weather.app */;
			productType = "com.apple.product-type.application";
		};
		D2E5A1C02A3FD40F00392D4E /* DiskStorageTests */ = {
			isa = PBXNativeTarget;
			buildConfigurationList = D2E5A1C92A3FD40F00392D4E /* Build configuration list for PBXNativeTarget "DiskStorageTests" */;
			buildPhases = (
				D2E5A1BD2A3FD40F00392D4E /* Sources */,
				D2E5A1BE2A3FD40F00392D4E /* Frameworks */,
				D2E5A1BF2A3FD40F00392D4E /* Resources */,
			);
			buildRules = (
			);
			dependencies = (
				D2E5A1C62A3FD40F00392D4E /* PBXTargetDependency */,
			);
			name = DiskStorageTests;
			productName = DiskStorageTests;
			productReference = D2E5A1C12A3FD40F00392D4E /* DiskStorageTests.xctest */;
			productType = "com.apple.product-type.bundle.unit-test";
		};
/* End PBXNativeTarget section */

/* Begin PBXProject section */
		D2D3FCA02A1DB83E000039FD /* Project object */ = {
			isa = PBXProject;
			attributes = {
				BuildIndependentTargetsInParallel = 1;
				LastSwiftUpdateCheck = 1430;
				LastUpgradeCheck = 1430;
				TargetAttributes = {
					D21226CE2A41933F009205E0 = {
						CreatedOnToolsVersion = 14.3.1;
						TestTargetID = D2D3FCA72A1DB83E000039FD;
					};
					D22BC1E32A3956AC00CD5D2F = {
						CreatedOnToolsVersion = 14.3.1;
						TestTargetID = D2D3FCA72A1DB83E000039FD;
					};
					D22BC1F12A39618E00CD5D2F = {
						CreatedOnToolsVersion = 14.3.1;
						TestTargetID = D2D3FCA72A1DB83E000039FD;
					};
					D23663F92A2A010C00D6CDD6 = {
						CreatedOnToolsVersion = 14.3.1;
						TestTargetID = D2D3FCA72A1DB83E000039FD;
					};
					D275F6292A3D8558002EB932 = {
						CreatedOnToolsVersion = 14.3.1;
						TestTargetID = D2D3FCA72A1DB83E000039FD;
					};
					D276AB762A29F224007E3677 = {
						CreatedOnToolsVersion = 14.3.1;
						TestTargetID = D2D3FCA72A1DB83E000039FD;
					};
					D28E95402A367D1F0076A8FA = {
						CreatedOnToolsVersion = 14.3.1;
						TestTargetID = D2D3FCA72A1DB83E000039FD;
					};
					D28E954F2A384EC10076A8FA = {
						CreatedOnToolsVersion = 14.3.1;
						TestTargetID = D2D3FCA72A1DB83E000039FD;
					};
					D2D3FCA72A1DB83E000039FD = {
						CreatedOnToolsVersion = 14.3;
					};
					D2E5A1C02A3FD40F00392D4E = {
						CreatedOnToolsVersion = 14.3.1;
						TestTargetID = D2D3FCA72A1DB83E000039FD;
					};
				};
			};
			buildConfigurationList = D2D3FCA32A1DB83E000039FD /* Build configuration list for PBXProject "Weather" */;
			compatibilityVersion = "Xcode 14.0";
			developmentRegion = en;
			hasScannedForEncodings = 0;
			knownRegions = (
				en,
				Base,
			);
			mainGroup = D2D3FC9F2A1DB83E000039FD;
			productRefGroup = D2D3FCA92A1DB83E000039FD /* Products */;
			projectDirPath = "";
			projectRoot = "";
			targets = (
				D2D3FCA72A1DB83E000039FD /* Weather */,
				D276AB762A29F224007E3677 /* URLSessionTests */,
				D23663F92A2A010C00D6CDD6 /* NetworkRepositoryTests */,
				D28E95402A367D1F0076A8FA /* NetworkServiceTests */,
				D28E954F2A384EC10076A8FA /* ProcessWeatherUsecaseTests */,
				D22BC1E32A3956AC00CD5D2F /* ObservableTests */,
				D22BC1F12A39618E00CD5D2F /* WeatherViewModelTests */,
				D275F6292A3D8558002EB932 /* MemoryCacheStorageTests */,
				D2E5A1C02A3FD40F00392D4E /* DiskStorageTests */,
				D21226CE2A41933F009205E0 /* ImageManagerTests */,
			);
		};
/* End PBXProject section */

/* Begin PBXResourcesBuildPhase section */
		D21226CD2A41933F009205E0 /* Resources */ = {
			isa = PBXResourcesBuildPhase;
			buildActionMask = 2147483647;
			files = (
			);
			runOnlyForDeploymentPostprocessing = 0;
		};
		D22BC1E22A3956AC00CD5D2F /* Resources */ = {
			isa = PBXResourcesBuildPhase;
			buildActionMask = 2147483647;
			files = (
			);
			runOnlyForDeploymentPostprocessing = 0;
		};
		D22BC1F02A39618E00CD5D2F /* Resources */ = {
			isa = PBXResourcesBuildPhase;
			buildActionMask = 2147483647;
			files = (
			);
			runOnlyForDeploymentPostprocessing = 0;
		};
		D23663F82A2A010C00D6CDD6 /* Resources */ = {
			isa = PBXResourcesBuildPhase;
			buildActionMask = 2147483647;
			files = (
			);
			runOnlyForDeploymentPostprocessing = 0;
		};
		D275F6282A3D8558002EB932 /* Resources */ = {
			isa = PBXResourcesBuildPhase;
			buildActionMask = 2147483647;
			files = (
			);
			runOnlyForDeploymentPostprocessing = 0;
		};
		D276AB752A29F224007E3677 /* Resources */ = {
			isa = PBXResourcesBuildPhase;
			buildActionMask = 2147483647;
			files = (
			);
			runOnlyForDeploymentPostprocessing = 0;
		};
		D28E953F2A367D1F0076A8FA /* Resources */ = {
			isa = PBXResourcesBuildPhase;
			buildActionMask = 2147483647;
			files = (
			);
			runOnlyForDeploymentPostprocessing = 0;
		};
		D28E954E2A384EC10076A8FA /* Resources */ = {
			isa = PBXResourcesBuildPhase;
			buildActionMask = 2147483647;
			files = (
			);
			runOnlyForDeploymentPostprocessing = 0;
		};
		D2D3FCA62A1DB83E000039FD /* Resources */ = {
			isa = PBXResourcesBuildPhase;
			buildActionMask = 2147483647;
			files = (
				D2D3FCB82A1DB841000039FD /* LaunchScreen.storyboard in Resources */,
				D2D3FCB52A1DB841000039FD /* Assets.xcassets in Resources */,
			);
			runOnlyForDeploymentPostprocessing = 0;
		};
		D2E5A1BF2A3FD40F00392D4E /* Resources */ = {
			isa = PBXResourcesBuildPhase;
			buildActionMask = 2147483647;
			files = (
			);
			runOnlyForDeploymentPostprocessing = 0;
		};
/* End PBXResourcesBuildPhase section */

/* Begin PBXSourcesBuildPhase section */
		D21226CB2A41933F009205E0 /* Sources */ = {
			isa = PBXSourcesBuildPhase;
			buildActionMask = 2147483647;
			files = (
				D2DFAE032A45427B00D0245E /* MockMemoryCacheStorage.swift in Sources */,
				D219604C2A4597C900E92980 /* MockNetworkLoader.swift in Sources */,
				D2DFAE002A452E4E00D0245E /* MockDiskStorage.swift in Sources */,
				D21226D22A41933F009205E0 /* ImageManagerTests.swift in Sources */,
			);
			runOnlyForDeploymentPostprocessing = 0;
		};
		D22BC1E02A3956AC00CD5D2F /* Sources */ = {
			isa = PBXSourcesBuildPhase;
			buildActionMask = 2147483647;
			files = (
				D22BC1E72A3956AC00CD5D2F /* ObservableTests.swift in Sources */,
			);
			runOnlyForDeploymentPostprocessing = 0;
		};
		D22BC1EE2A39618E00CD5D2F /* Sources */ = {
			isa = PBXSourcesBuildPhase;
			buildActionMask = 2147483647;
			files = (
				D22BC1F52A39618E00CD5D2F /* WeatherViewModelTests.swift in Sources */,
			);
			runOnlyForDeploymentPostprocessing = 0;
		};
		D23663F62A2A010C00D6CDD6 /* Sources */ = {
			isa = PBXSourcesBuildPhase;
			buildActionMask = 2147483647;
			files = (
				D23663FD2A2A010C00D6CDD6 /* NetworkRepositoryTests.swift in Sources */,
			);
			runOnlyForDeploymentPostprocessing = 0;
		};
		D275F6262A3D8558002EB932 /* Sources */ = {
			isa = PBXSourcesBuildPhase;
			buildActionMask = 2147483647;
			files = (
				D275F62D2A3D8559002EB932 /* MemoryCacheStorageTests.swift in Sources */,
			);
			runOnlyForDeploymentPostprocessing = 0;
		};
		D276AB732A29F224007E3677 /* Sources */ = {
			isa = PBXSourcesBuildPhase;
			buildActionMask = 2147483647;
			files = (
				D276AB7A2A29F225007E3677 /* URLSessionTests.swift in Sources */,
			);
			runOnlyForDeploymentPostprocessing = 0;
		};
		D28E953D2A367D1F0076A8FA /* Sources */ = {
			isa = PBXSourcesBuildPhase;
			buildActionMask = 2147483647;
			files = (
				D28E95442A367D1F0076A8FA /* NetworkServiceTests.swift in Sources */,
			);
			runOnlyForDeploymentPostprocessing = 0;
		};
		D28E954C2A384EC10076A8FA /* Sources */ = {
			isa = PBXSourcesBuildPhase;
			buildActionMask = 2147483647;
			files = (
				D28E95532A384EC10076A8FA /* ProcessWeatherUsecaseTests.swift in Sources */,
			);
			runOnlyForDeploymentPostprocessing = 0;
		};
		D2D3FCA42A1DB83E000039FD /* Sources */ = {
			isa = PBXSourcesBuildPhase;
			buildActionMask = 2147483647;
			files = (
				D24BEF952A52DB95001ED5EE /* NSCollectionLayoutSection+Extension.swift in Sources */,
				D2C6F9852A58310500AEE8C8 /* UIColor+Extension.swift in Sources */,
				D2E329F82A4B364200734AE0 /* CommonCollectionBackgroundView.swift in Sources */,
				D2D3FCCD2A1E1F22000039FD /* NetworkRepository.swift in Sources */,
				D2D3FCCF2A1E2435000039FD /* NetworkError.swift in Sources */,
				D28E952F2A35200A0076A8FA /* CommonCollectionSectionHeaderView.swift in Sources */,
				D24807892A1FBFDD00922838 /* ReusableView.swift in Sources */,
				D28E95352A3651FE0076A8FA /* DetailTwoLabelStyleCollectionViewCell.swift in Sources */,
				D2D3FCC62A1E190C000039FD /* NetworkService.swift in Sources */,
				D28E95312A3646F40076A8FA /* WindCollectionViewCell.swift in Sources */,
				D27F6F9A2A45D8610091104E /* String+Extension.swift in Sources */,
				D2D3FCB02A1DB83F000039FD /* WeatherViewController.swift in Sources */,
				D27F6F982A45CAA70091104E /* Double+Extension.swift in Sources */,
				D2D3FCCA2A1E1BAE000039FD /* CurrentWeather.swift in Sources */,
				D2D3FCAC2A1DB83E000039FD /* AppDelegate.swift in Sources */,
				D2D3FCC42A1DBAFD000039FD /* EndPoint.swift in Sources */,
				D22BC1DF2A39521400CD5D2F /* Observable.swift in Sources */,
				D276AB842A29F3C8007E3677 /* URLSessionProtocol.swift in Sources */,
				D2BD80992A493F67009176F7 /* PageViewController.swift in Sources */,
				D248078B2A1FC18000922838 /* HourlyCollectionViewCell.swift in Sources */,
				D22BC1D92A394C9300CD5D2F /* Forecast.swift in Sources */,
				D24807862A1FBB3900922838 /* CommonTitleHeaderView.swift in Sources */,
				D2DB780D2A53F37B0094B52D /* GradientProgressView.swift in Sources */,
				D2ADF4EF2A547CC8003E6FC3 /* DetailSensoryGraphCollectionViewCell.swift in Sources */,
				D28E95332A364FC90076A8FA /* TempMapCollectionViewCell.swift in Sources */,
				D2D3FCAE2A1DB83E000039FD /* SceneDelegate.swift in Sources */,
				D23664042A2A02CD00D6CDD6 /* StubURLSession.swift in Sources */,
				D28E952D2A350DBE0076A8FA /* CityCollectionViewCell.swift in Sources */,
				D28E954B2A37A38D0076A8FA /* ProcessWeatherUsecase.swift in Sources */,
				D2ADF4F12A54952C003E6FC3 /* DetailPressureGraphCollectionViewCell.swift in Sources */,
				D21960492A45954500E92980 /* NetworkLoaderType.swift in Sources */,
				D22BC1DB2A394CBB00CD5D2F /* CityWeather.swift in Sources */,
				D2E5A1CD2A40399200392D4E /* ImageManager.swift in Sources */,
				D275F6242A3D84C9002EB932 /* DiskStorage.swift in Sources */,
				D275F6222A3D7FFE002EB932 /* MemoryCacheStorage.swift in Sources */,
				D28E95392A3659920076A8FA /* FiveDayWeatherForecast.swift in Sources */,
				D276833C2A5683BE0012AE33 /* CircleProgressView.swift in Sources */,
				D2D3FCD32A1FA71B000039FD /* WeatherViewModel.swift in Sources */,
			);
			runOnlyForDeploymentPostprocessing = 0;
		};
		D2E5A1BD2A3FD40F00392D4E /* Sources */ = {
			isa = PBXSourcesBuildPhase;
			buildActionMask = 2147483647;
			files = (
				D2E5A1CB2A40118600392D4E /* DiskStorageError+Equatable.swift in Sources */,
				D2E5A1C42A3FD40F00392D4E /* DiskStorageTests.swift in Sources */,
			);
			runOnlyForDeploymentPostprocessing = 0;
		};
/* End PBXSourcesBuildPhase section */

/* Begin PBXTargetDependency section */
		D21226D42A41933F009205E0 /* PBXTargetDependency */ = {
			isa = PBXTargetDependency;
			target = D2D3FCA72A1DB83E000039FD /* Weather */;
			targetProxy = D21226D32A41933F009205E0 /* PBXContainerItemProxy */;
		};
		D22BC1E92A3956AC00CD5D2F /* PBXTargetDependency */ = {
			isa = PBXTargetDependency;
			target = D2D3FCA72A1DB83E000039FD /* Weather */;
			targetProxy = D22BC1E82A3956AC00CD5D2F /* PBXContainerItemProxy */;
		};
		D22BC1F72A39618E00CD5D2F /* PBXTargetDependency */ = {
			isa = PBXTargetDependency;
			target = D2D3FCA72A1DB83E000039FD /* Weather */;
			targetProxy = D22BC1F62A39618E00CD5D2F /* PBXContainerItemProxy */;
		};
		D23663FF2A2A010C00D6CDD6 /* PBXTargetDependency */ = {
			isa = PBXTargetDependency;
			target = D2D3FCA72A1DB83E000039FD /* Weather */;
			targetProxy = D23663FE2A2A010C00D6CDD6 /* PBXContainerItemProxy */;
		};
		D275F62F2A3D8559002EB932 /* PBXTargetDependency */ = {
			isa = PBXTargetDependency;
			target = D2D3FCA72A1DB83E000039FD /* Weather */;
			targetProxy = D275F62E2A3D8559002EB932 /* PBXContainerItemProxy */;
		};
		D276AB7C2A29F225007E3677 /* PBXTargetDependency */ = {
			isa = PBXTargetDependency;
			target = D2D3FCA72A1DB83E000039FD /* Weather */;
			targetProxy = D276AB7B2A29F225007E3677 /* PBXContainerItemProxy */;
		};
		D28E95462A367D1F0076A8FA /* PBXTargetDependency */ = {
			isa = PBXTargetDependency;
			target = D2D3FCA72A1DB83E000039FD /* Weather */;
			targetProxy = D28E95452A367D1F0076A8FA /* PBXContainerItemProxy */;
		};
		D28E95552A384EC10076A8FA /* PBXTargetDependency */ = {
			isa = PBXTargetDependency;
			target = D2D3FCA72A1DB83E000039FD /* Weather */;
			targetProxy = D28E95542A384EC10076A8FA /* PBXContainerItemProxy */;
		};
		D2E5A1C62A3FD40F00392D4E /* PBXTargetDependency */ = {
			isa = PBXTargetDependency;
			target = D2D3FCA72A1DB83E000039FD /* Weather */;
			targetProxy = D2E5A1C52A3FD40F00392D4E /* PBXContainerItemProxy */;
		};
/* End PBXTargetDependency section */

/* Begin PBXVariantGroup section */
		D2D3FCB62A1DB841000039FD /* LaunchScreen.storyboard */ = {
			isa = PBXVariantGroup;
			children = (
				D2D3FCB72A1DB841000039FD /* Base */,
			);
			name = LaunchScreen.storyboard;
			sourceTree = "<group>";
		};
/* End PBXVariantGroup section */

/* Begin XCBuildConfiguration section */
		D21226D52A41933F009205E0 /* Debug */ = {
			isa = XCBuildConfiguration;
			buildSettings = {
				BUNDLE_LOADER = "$(TEST_HOST)";
				CODE_SIGN_STYLE = Automatic;
				CURRENT_PROJECT_VERSION = 1;
				DEVELOPMENT_TEAM = N2WW86KJNF;
				GENERATE_INFOPLIST_FILE = YES;
				IPHONEOS_DEPLOYMENT_TARGET = 16.4;
				MACOSX_DEPLOYMENT_TARGET = 13.0;
				MARKETING_VERSION = 1.0;
				PRODUCT_BUNDLE_IDENTIFIER = woong.ImageManagerTests;
				PRODUCT_NAME = "$(TARGET_NAME)";
				SDKROOT = auto;
				SUPPORTED_PLATFORMS = "iphoneos iphonesimulator macosx";
				SWIFT_EMIT_LOC_STRINGS = NO;
				SWIFT_VERSION = 5.0;
				TARGETED_DEVICE_FAMILY = "1,2";
				TEST_HOST = "$(BUILT_PRODUCTS_DIR)/Weather.app/$(BUNDLE_EXECUTABLE_FOLDER_PATH)/Weather";
			};
			name = Debug;
		};
		D21226D62A41933F009205E0 /* Release */ = {
			isa = XCBuildConfiguration;
			buildSettings = {
				BUNDLE_LOADER = "$(TEST_HOST)";
				CODE_SIGN_STYLE = Automatic;
				CURRENT_PROJECT_VERSION = 1;
				DEVELOPMENT_TEAM = N2WW86KJNF;
				GENERATE_INFOPLIST_FILE = YES;
				IPHONEOS_DEPLOYMENT_TARGET = 16.4;
				MACOSX_DEPLOYMENT_TARGET = 13.0;
				MARKETING_VERSION = 1.0;
				PRODUCT_BUNDLE_IDENTIFIER = woong.ImageManagerTests;
				PRODUCT_NAME = "$(TARGET_NAME)";
				SDKROOT = auto;
				SUPPORTED_PLATFORMS = "iphoneos iphonesimulator macosx";
				SWIFT_EMIT_LOC_STRINGS = NO;
				SWIFT_VERSION = 5.0;
				TARGETED_DEVICE_FAMILY = "1,2";
				TEST_HOST = "$(BUILT_PRODUCTS_DIR)/Weather.app/$(BUNDLE_EXECUTABLE_FOLDER_PATH)/Weather";
			};
			name = Release;
		};
		D22BC1EB2A3956AC00CD5D2F /* Debug */ = {
			isa = XCBuildConfiguration;
			buildSettings = {
				BUNDLE_LOADER = "$(TEST_HOST)";
				CODE_SIGN_STYLE = Automatic;
				CURRENT_PROJECT_VERSION = 1;
				DEVELOPMENT_TEAM = N2WW86KJNF;
				GENERATE_INFOPLIST_FILE = YES;
				IPHONEOS_DEPLOYMENT_TARGET = 16.4;
				MACOSX_DEPLOYMENT_TARGET = 13.0;
				MARKETING_VERSION = 1.0;
				PRODUCT_BUNDLE_IDENTIFIER = woong.ObservableTests;
				PRODUCT_NAME = "$(TARGET_NAME)";
				SDKROOT = auto;
				SUPPORTED_PLATFORMS = "iphoneos iphonesimulator macosx";
				SWIFT_EMIT_LOC_STRINGS = NO;
				SWIFT_VERSION = 5.0;
				TARGETED_DEVICE_FAMILY = "1,2";
				TEST_HOST = "$(BUILT_PRODUCTS_DIR)/Weather.app/$(BUNDLE_EXECUTABLE_FOLDER_PATH)/Weather";
			};
			name = Debug;
		};
		D22BC1EC2A3956AC00CD5D2F /* Release */ = {
			isa = XCBuildConfiguration;
			buildSettings = {
				BUNDLE_LOADER = "$(TEST_HOST)";
				CODE_SIGN_STYLE = Automatic;
				CURRENT_PROJECT_VERSION = 1;
				DEVELOPMENT_TEAM = N2WW86KJNF;
				GENERATE_INFOPLIST_FILE = YES;
				IPHONEOS_DEPLOYMENT_TARGET = 16.4;
				MACOSX_DEPLOYMENT_TARGET = 13.0;
				MARKETING_VERSION = 1.0;
				PRODUCT_BUNDLE_IDENTIFIER = woong.ObservableTests;
				PRODUCT_NAME = "$(TARGET_NAME)";
				SDKROOT = auto;
				SUPPORTED_PLATFORMS = "iphoneos iphonesimulator macosx";
				SWIFT_EMIT_LOC_STRINGS = NO;
				SWIFT_VERSION = 5.0;
				TARGETED_DEVICE_FAMILY = "1,2";
				TEST_HOST = "$(BUILT_PRODUCTS_DIR)/Weather.app/$(BUNDLE_EXECUTABLE_FOLDER_PATH)/Weather";
			};
			name = Release;
		};
		D22BC1F92A39618E00CD5D2F /* Debug */ = {
			isa = XCBuildConfiguration;
			buildSettings = {
				BUNDLE_LOADER = "$(TEST_HOST)";
				CODE_SIGN_STYLE = Automatic;
				CURRENT_PROJECT_VERSION = 1;
				DEVELOPMENT_TEAM = N2WW86KJNF;
				GENERATE_INFOPLIST_FILE = YES;
				IPHONEOS_DEPLOYMENT_TARGET = 16.4;
				MACOSX_DEPLOYMENT_TARGET = 13.0;
				MARKETING_VERSION = 1.0;
				PRODUCT_BUNDLE_IDENTIFIER = woong.WeatherViewModelTests;
				PRODUCT_NAME = "$(TARGET_NAME)";
				SDKROOT = auto;
				SUPPORTED_PLATFORMS = "iphoneos iphonesimulator macosx";
				SWIFT_EMIT_LOC_STRINGS = NO;
				SWIFT_VERSION = 5.0;
				TARGETED_DEVICE_FAMILY = "1,2";
				TEST_HOST = "$(BUILT_PRODUCTS_DIR)/Weather.app/$(BUNDLE_EXECUTABLE_FOLDER_PATH)/Weather";
			};
			name = Debug;
		};
		D22BC1FA2A39618E00CD5D2F /* Release */ = {
			isa = XCBuildConfiguration;
			buildSettings = {
				BUNDLE_LOADER = "$(TEST_HOST)";
				CODE_SIGN_STYLE = Automatic;
				CURRENT_PROJECT_VERSION = 1;
				DEVELOPMENT_TEAM = N2WW86KJNF;
				GENERATE_INFOPLIST_FILE = YES;
				IPHONEOS_DEPLOYMENT_TARGET = 16.4;
				MACOSX_DEPLOYMENT_TARGET = 13.0;
				MARKETING_VERSION = 1.0;
				PRODUCT_BUNDLE_IDENTIFIER = woong.WeatherViewModelTests;
				PRODUCT_NAME = "$(TARGET_NAME)";
				SDKROOT = auto;
				SUPPORTED_PLATFORMS = "iphoneos iphonesimulator macosx";
				SWIFT_EMIT_LOC_STRINGS = NO;
				SWIFT_VERSION = 5.0;
				TARGETED_DEVICE_FAMILY = "1,2";
				TEST_HOST = "$(BUILT_PRODUCTS_DIR)/Weather.app/$(BUNDLE_EXECUTABLE_FOLDER_PATH)/Weather";
			};
			name = Release;
		};
		D23664012A2A010C00D6CDD6 /* Debug */ = {
			isa = XCBuildConfiguration;
			buildSettings = {
				BUNDLE_LOADER = "$(TEST_HOST)";
				CODE_SIGN_STYLE = Automatic;
				CURRENT_PROJECT_VERSION = 1;
				DEVELOPMENT_TEAM = N2WW86KJNF;
				GENERATE_INFOPLIST_FILE = YES;
				IPHONEOS_DEPLOYMENT_TARGET = 14.0;
				MACOSX_DEPLOYMENT_TARGET = 13.0;
				MARKETING_VERSION = 1.0;
				PRODUCT_BUNDLE_IDENTIFIER = woong.NetworkRepositoryTests;
				PRODUCT_NAME = "$(TARGET_NAME)";
				SDKROOT = auto;
				SUPPORTED_PLATFORMS = "iphoneos iphonesimulator";
				SUPPORTS_MACCATALYST = NO;
				SUPPORTS_MAC_DESIGNED_FOR_IPHONE_IPAD = NO;
				SWIFT_EMIT_LOC_STRINGS = NO;
				SWIFT_VERSION = 5.0;
				TARGETED_DEVICE_FAMILY = 1;
				TEST_HOST = "$(BUILT_PRODUCTS_DIR)/Weather.app/$(BUNDLE_EXECUTABLE_FOLDER_PATH)/Weather";
			};
			name = Debug;
		};
		D23664022A2A010C00D6CDD6 /* Release */ = {
			isa = XCBuildConfiguration;
			buildSettings = {
				BUNDLE_LOADER = "$(TEST_HOST)";
				CODE_SIGN_STYLE = Automatic;
				CURRENT_PROJECT_VERSION = 1;
				DEVELOPMENT_TEAM = N2WW86KJNF;
				GENERATE_INFOPLIST_FILE = YES;
				IPHONEOS_DEPLOYMENT_TARGET = 14.0;
				MACOSX_DEPLOYMENT_TARGET = 13.0;
				MARKETING_VERSION = 1.0;
				PRODUCT_BUNDLE_IDENTIFIER = woong.NetworkRepositoryTests;
				PRODUCT_NAME = "$(TARGET_NAME)";
				SDKROOT = auto;
				SUPPORTED_PLATFORMS = "iphoneos iphonesimulator";
				SUPPORTS_MACCATALYST = NO;
				SUPPORTS_MAC_DESIGNED_FOR_IPHONE_IPAD = NO;
				SWIFT_EMIT_LOC_STRINGS = NO;
				SWIFT_VERSION = 5.0;
				TARGETED_DEVICE_FAMILY = 1;
				TEST_HOST = "$(BUILT_PRODUCTS_DIR)/Weather.app/$(BUNDLE_EXECUTABLE_FOLDER_PATH)/Weather";
			};
			name = Release;
		};
		D275F6312A3D8559002EB932 /* Debug */ = {
			isa = XCBuildConfiguration;
			buildSettings = {
				BUNDLE_LOADER = "$(TEST_HOST)";
				CODE_SIGN_STYLE = Automatic;
				CURRENT_PROJECT_VERSION = 1;
				DEVELOPMENT_TEAM = N2WW86KJNF;
				GENERATE_INFOPLIST_FILE = YES;
				IPHONEOS_DEPLOYMENT_TARGET = 16.4;
				MACOSX_DEPLOYMENT_TARGET = 13.0;
				MARKETING_VERSION = 1.0;
				PRODUCT_BUNDLE_IDENTIFIER = woong.MemoryCacheStorageTests;
				PRODUCT_NAME = "$(TARGET_NAME)";
				SDKROOT = auto;
				SUPPORTED_PLATFORMS = "iphoneos iphonesimulator macosx";
				SWIFT_EMIT_LOC_STRINGS = NO;
				SWIFT_VERSION = 5.0;
				TARGETED_DEVICE_FAMILY = "1,2";
				TEST_HOST = "$(BUILT_PRODUCTS_DIR)/Weather.app/$(BUNDLE_EXECUTABLE_FOLDER_PATH)/Weather";
			};
			name = Debug;
		};
		D275F6322A3D8559002EB932 /* Release */ = {
			isa = XCBuildConfiguration;
			buildSettings = {
				BUNDLE_LOADER = "$(TEST_HOST)";
				CODE_SIGN_STYLE = Automatic;
				CURRENT_PROJECT_VERSION = 1;
				DEVELOPMENT_TEAM = N2WW86KJNF;
				GENERATE_INFOPLIST_FILE = YES;
				IPHONEOS_DEPLOYMENT_TARGET = 16.4;
				MACOSX_DEPLOYMENT_TARGET = 13.0;
				MARKETING_VERSION = 1.0;
				PRODUCT_BUNDLE_IDENTIFIER = woong.MemoryCacheStorageTests;
				PRODUCT_NAME = "$(TARGET_NAME)";
				SDKROOT = auto;
				SUPPORTED_PLATFORMS = "iphoneos iphonesimulator macosx";
				SWIFT_EMIT_LOC_STRINGS = NO;
				SWIFT_VERSION = 5.0;
				TARGETED_DEVICE_FAMILY = "1,2";
				TEST_HOST = "$(BUILT_PRODUCTS_DIR)/Weather.app/$(BUNDLE_EXECUTABLE_FOLDER_PATH)/Weather";
			};
			name = Release;
		};
		D276AB7E2A29F225007E3677 /* Debug */ = {
			isa = XCBuildConfiguration;
			buildSettings = {
				BUNDLE_LOADER = "$(TEST_HOST)";
				CODE_SIGN_STYLE = Automatic;
				CURRENT_PROJECT_VERSION = 1;
				DEVELOPMENT_TEAM = N2WW86KJNF;
				GENERATE_INFOPLIST_FILE = YES;
				IPHONEOS_DEPLOYMENT_TARGET = 14.0;
				MACOSX_DEPLOYMENT_TARGET = 13.0;
				MARKETING_VERSION = 1.0;
				PRODUCT_BUNDLE_IDENTIFIER = woong.URLSessionTests;
				PRODUCT_NAME = "$(TARGET_NAME)";
				SDKROOT = auto;
				SUPPORTED_PLATFORMS = "iphoneos iphonesimulator";
				SUPPORTS_MACCATALYST = NO;
				SUPPORTS_MAC_DESIGNED_FOR_IPHONE_IPAD = NO;
				SWIFT_EMIT_LOC_STRINGS = NO;
				SWIFT_VERSION = 5.0;
				TARGETED_DEVICE_FAMILY = 1;
				TEST_HOST = "$(BUILT_PRODUCTS_DIR)/Weather.app/$(BUNDLE_EXECUTABLE_FOLDER_PATH)/Weather";
			};
			name = Debug;
		};
		D276AB7F2A29F225007E3677 /* Release */ = {
			isa = XCBuildConfiguration;
			buildSettings = {
				BUNDLE_LOADER = "$(TEST_HOST)";
				CODE_SIGN_STYLE = Automatic;
				CURRENT_PROJECT_VERSION = 1;
				DEVELOPMENT_TEAM = N2WW86KJNF;
				GENERATE_INFOPLIST_FILE = YES;
				IPHONEOS_DEPLOYMENT_TARGET = 14.0;
				MACOSX_DEPLOYMENT_TARGET = 13.0;
				MARKETING_VERSION = 1.0;
				PRODUCT_BUNDLE_IDENTIFIER = woong.URLSessionTests;
				PRODUCT_NAME = "$(TARGET_NAME)";
				SDKROOT = auto;
				SUPPORTED_PLATFORMS = "iphoneos iphonesimulator";
				SUPPORTS_MACCATALYST = NO;
				SUPPORTS_MAC_DESIGNED_FOR_IPHONE_IPAD = NO;
				SWIFT_EMIT_LOC_STRINGS = NO;
				SWIFT_VERSION = 5.0;
				TARGETED_DEVICE_FAMILY = 1;
				TEST_HOST = "$(BUILT_PRODUCTS_DIR)/Weather.app/$(BUNDLE_EXECUTABLE_FOLDER_PATH)/Weather";
			};
			name = Release;
		};
		D28E95482A367D200076A8FA /* Debug */ = {
			isa = XCBuildConfiguration;
			buildSettings = {
				BUNDLE_LOADER = "$(TEST_HOST)";
				CODE_SIGN_STYLE = Automatic;
				CURRENT_PROJECT_VERSION = 1;
				DEVELOPMENT_TEAM = N2WW86KJNF;
				GENERATE_INFOPLIST_FILE = YES;
				IPHONEOS_DEPLOYMENT_TARGET = 16.4;
				MACOSX_DEPLOYMENT_TARGET = 13.0;
				MARKETING_VERSION = 1.0;
				PRODUCT_BUNDLE_IDENTIFIER = woong.NetworkServiceTests;
				PRODUCT_NAME = "$(TARGET_NAME)";
				SDKROOT = auto;
				SUPPORTED_PLATFORMS = "iphoneos iphonesimulator macosx";
				SWIFT_EMIT_LOC_STRINGS = NO;
				SWIFT_VERSION = 5.0;
				TARGETED_DEVICE_FAMILY = "1,2";
				TEST_HOST = "$(BUILT_PRODUCTS_DIR)/Weather.app/$(BUNDLE_EXECUTABLE_FOLDER_PATH)/Weather";
			};
			name = Debug;
		};
		D28E95492A367D200076A8FA /* Release */ = {
			isa = XCBuildConfiguration;
			buildSettings = {
				BUNDLE_LOADER = "$(TEST_HOST)";
				CODE_SIGN_STYLE = Automatic;
				CURRENT_PROJECT_VERSION = 1;
				DEVELOPMENT_TEAM = N2WW86KJNF;
				GENERATE_INFOPLIST_FILE = YES;
				IPHONEOS_DEPLOYMENT_TARGET = 16.4;
				MACOSX_DEPLOYMENT_TARGET = 13.0;
				MARKETING_VERSION = 1.0;
				PRODUCT_BUNDLE_IDENTIFIER = woong.NetworkServiceTests;
				PRODUCT_NAME = "$(TARGET_NAME)";
				SDKROOT = auto;
				SUPPORTED_PLATFORMS = "iphoneos iphonesimulator macosx";
				SWIFT_EMIT_LOC_STRINGS = NO;
				SWIFT_VERSION = 5.0;
				TARGETED_DEVICE_FAMILY = "1,2";
				TEST_HOST = "$(BUILT_PRODUCTS_DIR)/Weather.app/$(BUNDLE_EXECUTABLE_FOLDER_PATH)/Weather";
			};
			name = Release;
		};
		D28E95572A384EC10076A8FA /* Debug */ = {
			isa = XCBuildConfiguration;
			buildSettings = {
				BUNDLE_LOADER = "$(TEST_HOST)";
				CODE_SIGN_STYLE = Automatic;
				CURRENT_PROJECT_VERSION = 1;
				DEVELOPMENT_TEAM = N2WW86KJNF;
				GENERATE_INFOPLIST_FILE = YES;
				IPHONEOS_DEPLOYMENT_TARGET = 16.4;
				MACOSX_DEPLOYMENT_TARGET = 13.0;
				MARKETING_VERSION = 1.0;
				PRODUCT_BUNDLE_IDENTIFIER = woong.DataTransferTests;
				PRODUCT_NAME = "$(TARGET_NAME)";
				SDKROOT = auto;
				SUPPORTED_PLATFORMS = "iphoneos iphonesimulator macosx";
				SWIFT_EMIT_LOC_STRINGS = NO;
				SWIFT_VERSION = 5.0;
				TARGETED_DEVICE_FAMILY = "1,2";
				TEST_HOST = "$(BUILT_PRODUCTS_DIR)/Weather.app/$(BUNDLE_EXECUTABLE_FOLDER_PATH)/Weather";
			};
			name = Debug;
		};
		D28E95582A384EC10076A8FA /* Release */ = {
			isa = XCBuildConfiguration;
			buildSettings = {
				BUNDLE_LOADER = "$(TEST_HOST)";
				CODE_SIGN_STYLE = Automatic;
				CURRENT_PROJECT_VERSION = 1;
				DEVELOPMENT_TEAM = N2WW86KJNF;
				GENERATE_INFOPLIST_FILE = YES;
				IPHONEOS_DEPLOYMENT_TARGET = 16.4;
				MACOSX_DEPLOYMENT_TARGET = 13.0;
				MARKETING_VERSION = 1.0;
				PRODUCT_BUNDLE_IDENTIFIER = woong.DataTransferTests;
				PRODUCT_NAME = "$(TARGET_NAME)";
				SDKROOT = auto;
				SUPPORTED_PLATFORMS = "iphoneos iphonesimulator macosx";
				SWIFT_EMIT_LOC_STRINGS = NO;
				SWIFT_VERSION = 5.0;
				TARGETED_DEVICE_FAMILY = "1,2";
				TEST_HOST = "$(BUILT_PRODUCTS_DIR)/Weather.app/$(BUNDLE_EXECUTABLE_FOLDER_PATH)/Weather";
			};
			name = Release;
		};
		D2D3FCBA2A1DB841000039FD /* Debug */ = {
			isa = XCBuildConfiguration;
			buildSettings = {
				ALWAYS_SEARCH_USER_PATHS = NO;
				CLANG_ANALYZER_NONNULL = YES;
				CLANG_ANALYZER_NUMBER_OBJECT_CONVERSION = YES_AGGRESSIVE;
				CLANG_CXX_LANGUAGE_STANDARD = "gnu++20";
				CLANG_ENABLE_MODULES = YES;
				CLANG_ENABLE_OBJC_ARC = YES;
				CLANG_ENABLE_OBJC_WEAK = YES;
				CLANG_WARN_BLOCK_CAPTURE_AUTORELEASING = YES;
				CLANG_WARN_BOOL_CONVERSION = YES;
				CLANG_WARN_COMMA = YES;
				CLANG_WARN_CONSTANT_CONVERSION = YES;
				CLANG_WARN_DEPRECATED_OBJC_IMPLEMENTATIONS = YES;
				CLANG_WARN_DIRECT_OBJC_ISA_USAGE = YES_ERROR;
				CLANG_WARN_DOCUMENTATION_COMMENTS = YES;
				CLANG_WARN_EMPTY_BODY = YES;
				CLANG_WARN_ENUM_CONVERSION = YES;
				CLANG_WARN_INFINITE_RECURSION = YES;
				CLANG_WARN_INT_CONVERSION = YES;
				CLANG_WARN_NON_LITERAL_NULL_CONVERSION = YES;
				CLANG_WARN_OBJC_IMPLICIT_RETAIN_SELF = YES;
				CLANG_WARN_OBJC_LITERAL_CONVERSION = YES;
				CLANG_WARN_OBJC_ROOT_CLASS = YES_ERROR;
				CLANG_WARN_QUOTED_INCLUDE_IN_FRAMEWORK_HEADER = YES;
				CLANG_WARN_RANGE_LOOP_ANALYSIS = YES;
				CLANG_WARN_STRICT_PROTOTYPES = YES;
				CLANG_WARN_SUSPICIOUS_MOVE = YES;
				CLANG_WARN_UNGUARDED_AVAILABILITY = YES_AGGRESSIVE;
				CLANG_WARN_UNREACHABLE_CODE = YES;
				CLANG_WARN__DUPLICATE_METHOD_MATCH = YES;
				COPY_PHASE_STRIP = NO;
				DEBUG_INFORMATION_FORMAT = dwarf;
				ENABLE_STRICT_OBJC_MSGSEND = YES;
				ENABLE_TESTABILITY = YES;
				GCC_C_LANGUAGE_STANDARD = gnu11;
				GCC_DYNAMIC_NO_PIC = NO;
				GCC_NO_COMMON_BLOCKS = YES;
				GCC_OPTIMIZATION_LEVEL = 0;
				GCC_PREPROCESSOR_DEFINITIONS = (
					"DEBUG=1",
					"$(inherited)",
				);
				GCC_WARN_64_TO_32_BIT_CONVERSION = YES;
				GCC_WARN_ABOUT_RETURN_TYPE = YES_ERROR;
				GCC_WARN_UNDECLARED_SELECTOR = YES;
				GCC_WARN_UNINITIALIZED_AUTOS = YES_AGGRESSIVE;
				GCC_WARN_UNUSED_FUNCTION = YES;
				GCC_WARN_UNUSED_VARIABLE = YES;
				IPHONEOS_DEPLOYMENT_TARGET = 14.0;
				MTL_ENABLE_DEBUG_INFO = INCLUDE_SOURCE;
				MTL_FAST_MATH = YES;
				ONLY_ACTIVE_ARCH = YES;
				SDKROOT = iphoneos;
				SWIFT_ACTIVE_COMPILATION_CONDITIONS = DEBUG;
				SWIFT_OPTIMIZATION_LEVEL = "-Onone";
			};
			name = Debug;
		};
		D2D3FCBB2A1DB841000039FD /* Release */ = {
			isa = XCBuildConfiguration;
			buildSettings = {
				ALWAYS_SEARCH_USER_PATHS = NO;
				CLANG_ANALYZER_NONNULL = YES;
				CLANG_ANALYZER_NUMBER_OBJECT_CONVERSION = YES_AGGRESSIVE;
				CLANG_CXX_LANGUAGE_STANDARD = "gnu++20";
				CLANG_ENABLE_MODULES = YES;
				CLANG_ENABLE_OBJC_ARC = YES;
				CLANG_ENABLE_OBJC_WEAK = YES;
				CLANG_WARN_BLOCK_CAPTURE_AUTORELEASING = YES;
				CLANG_WARN_BOOL_CONVERSION = YES;
				CLANG_WARN_COMMA = YES;
				CLANG_WARN_CONSTANT_CONVERSION = YES;
				CLANG_WARN_DEPRECATED_OBJC_IMPLEMENTATIONS = YES;
				CLANG_WARN_DIRECT_OBJC_ISA_USAGE = YES_ERROR;
				CLANG_WARN_DOCUMENTATION_COMMENTS = YES;
				CLANG_WARN_EMPTY_BODY = YES;
				CLANG_WARN_ENUM_CONVERSION = YES;
				CLANG_WARN_INFINITE_RECURSION = YES;
				CLANG_WARN_INT_CONVERSION = YES;
				CLANG_WARN_NON_LITERAL_NULL_CONVERSION = YES;
				CLANG_WARN_OBJC_IMPLICIT_RETAIN_SELF = YES;
				CLANG_WARN_OBJC_LITERAL_CONVERSION = YES;
				CLANG_WARN_OBJC_ROOT_CLASS = YES_ERROR;
				CLANG_WARN_QUOTED_INCLUDE_IN_FRAMEWORK_HEADER = YES;
				CLANG_WARN_RANGE_LOOP_ANALYSIS = YES;
				CLANG_WARN_STRICT_PROTOTYPES = YES;
				CLANG_WARN_SUSPICIOUS_MOVE = YES;
				CLANG_WARN_UNGUARDED_AVAILABILITY = YES_AGGRESSIVE;
				CLANG_WARN_UNREACHABLE_CODE = YES;
				CLANG_WARN__DUPLICATE_METHOD_MATCH = YES;
				COPY_PHASE_STRIP = NO;
				DEBUG_INFORMATION_FORMAT = "dwarf-with-dsym";
				ENABLE_NS_ASSERTIONS = NO;
				ENABLE_STRICT_OBJC_MSGSEND = YES;
				GCC_C_LANGUAGE_STANDARD = gnu11;
				GCC_NO_COMMON_BLOCKS = YES;
				GCC_WARN_64_TO_32_BIT_CONVERSION = YES;
				GCC_WARN_ABOUT_RETURN_TYPE = YES_ERROR;
				GCC_WARN_UNDECLARED_SELECTOR = YES;
				GCC_WARN_UNINITIALIZED_AUTOS = YES_AGGRESSIVE;
				GCC_WARN_UNUSED_FUNCTION = YES;
				GCC_WARN_UNUSED_VARIABLE = YES;
				IPHONEOS_DEPLOYMENT_TARGET = 14.0;
				MTL_ENABLE_DEBUG_INFO = NO;
				MTL_FAST_MATH = YES;
				SDKROOT = iphoneos;
				SWIFT_COMPILATION_MODE = wholemodule;
				SWIFT_OPTIMIZATION_LEVEL = "-O";
				VALIDATE_PRODUCT = YES;
			};
			name = Release;
		};
		D2D3FCBD2A1DB841000039FD /* Debug */ = {
			isa = XCBuildConfiguration;
			buildSettings = {
				ASSETCATALOG_COMPILER_APPICON_NAME = AppIcon;
				ASSETCATALOG_COMPILER_GLOBAL_ACCENT_COLOR_NAME = AccentColor;
				CODE_SIGN_STYLE = Automatic;
				CURRENT_PROJECT_VERSION = 1;
				DEVELOPMENT_TEAM = N2WW86KJNF;
				GENERATE_INFOPLIST_FILE = YES;
				INFOPLIST_FILE = Weather/Info.plist;
				INFOPLIST_KEY_UIApplicationSupportsIndirectInputEvents = YES;
				INFOPLIST_KEY_UILaunchStoryboardName = LaunchScreen;
				INFOPLIST_KEY_UISupportedInterfaceOrientations_iPad = "UIInterfaceOrientationPortrait UIInterfaceOrientationPortraitUpsideDown UIInterfaceOrientationLandscapeLeft UIInterfaceOrientationLandscapeRight";
				INFOPLIST_KEY_UISupportedInterfaceOrientations_iPhone = "UIInterfaceOrientationPortrait UIInterfaceOrientationLandscapeLeft UIInterfaceOrientationLandscapeRight";
				IPHONEOS_DEPLOYMENT_TARGET = 14.0;
				LD_RUNPATH_SEARCH_PATHS = (
					"$(inherited)",
					"@executable_path/Frameworks",
				);
				MARKETING_VERSION = 1.0;
				PRODUCT_BUNDLE_IDENTIFIER = woong.Weather;
				PRODUCT_NAME = "$(TARGET_NAME)";
				SUPPORTED_PLATFORMS = "iphoneos iphonesimulator";
				SUPPORTS_MACCATALYST = NO;
				SUPPORTS_MAC_DESIGNED_FOR_IPHONE_IPAD = NO;
				SWIFT_EMIT_LOC_STRINGS = YES;
				SWIFT_VERSION = 5.0;
				TARGETED_DEVICE_FAMILY = 1;
			};
			name = Debug;
		};
		D2D3FCBE2A1DB841000039FD /* Release */ = {
			isa = XCBuildConfiguration;
			buildSettings = {
				ASSETCATALOG_COMPILER_APPICON_NAME = AppIcon;
				ASSETCATALOG_COMPILER_GLOBAL_ACCENT_COLOR_NAME = AccentColor;
				CODE_SIGN_STYLE = Automatic;
				CURRENT_PROJECT_VERSION = 1;
				DEVELOPMENT_TEAM = N2WW86KJNF;
				GENERATE_INFOPLIST_FILE = YES;
				INFOPLIST_FILE = Weather/Info.plist;
				INFOPLIST_KEY_UIApplicationSupportsIndirectInputEvents = YES;
				INFOPLIST_KEY_UILaunchStoryboardName = LaunchScreen;
				INFOPLIST_KEY_UISupportedInterfaceOrientations_iPad = "UIInterfaceOrientationPortrait UIInterfaceOrientationPortraitUpsideDown UIInterfaceOrientationLandscapeLeft UIInterfaceOrientationLandscapeRight";
				INFOPLIST_KEY_UISupportedInterfaceOrientations_iPhone = "UIInterfaceOrientationPortrait UIInterfaceOrientationLandscapeLeft UIInterfaceOrientationLandscapeRight";
				IPHONEOS_DEPLOYMENT_TARGET = 14.0;
				LD_RUNPATH_SEARCH_PATHS = (
					"$(inherited)",
					"@executable_path/Frameworks",
				);
				MARKETING_VERSION = 1.0;
				PRODUCT_BUNDLE_IDENTIFIER = woong.Weather;
				PRODUCT_NAME = "$(TARGET_NAME)";
				SUPPORTED_PLATFORMS = "iphoneos iphonesimulator";
				SUPPORTS_MACCATALYST = NO;
				SUPPORTS_MAC_DESIGNED_FOR_IPHONE_IPAD = NO;
				SWIFT_EMIT_LOC_STRINGS = YES;
				SWIFT_VERSION = 5.0;
				TARGETED_DEVICE_FAMILY = 1;
			};
			name = Release;
		};
		D2E5A1C72A3FD40F00392D4E /* Debug */ = {
			isa = XCBuildConfiguration;
			buildSettings = {
				BUNDLE_LOADER = "$(TEST_HOST)";
				CODE_SIGN_STYLE = Automatic;
				CURRENT_PROJECT_VERSION = 1;
				DEVELOPMENT_TEAM = N2WW86KJNF;
				GENERATE_INFOPLIST_FILE = YES;
				IPHONEOS_DEPLOYMENT_TARGET = 16.4;
				MACOSX_DEPLOYMENT_TARGET = 13.0;
				MARKETING_VERSION = 1.0;
				PRODUCT_BUNDLE_IDENTIFIER = woong.DiskStorageTests;
				PRODUCT_NAME = "$(TARGET_NAME)";
				SDKROOT = auto;
				SUPPORTED_PLATFORMS = "iphoneos iphonesimulator macosx";
				SWIFT_EMIT_LOC_STRINGS = NO;
				SWIFT_VERSION = 5.0;
				TARGETED_DEVICE_FAMILY = "1,2";
				TEST_HOST = "$(BUILT_PRODUCTS_DIR)/Weather.app/$(BUNDLE_EXECUTABLE_FOLDER_PATH)/Weather";
			};
			name = Debug;
		};
		D2E5A1C82A3FD40F00392D4E /* Release */ = {
			isa = XCBuildConfiguration;
			buildSettings = {
				BUNDLE_LOADER = "$(TEST_HOST)";
				CODE_SIGN_STYLE = Automatic;
				CURRENT_PROJECT_VERSION = 1;
				DEVELOPMENT_TEAM = N2WW86KJNF;
				GENERATE_INFOPLIST_FILE = YES;
				IPHONEOS_DEPLOYMENT_TARGET = 16.4;
				MACOSX_DEPLOYMENT_TARGET = 13.0;
				MARKETING_VERSION = 1.0;
				PRODUCT_BUNDLE_IDENTIFIER = woong.DiskStorageTests;
				PRODUCT_NAME = "$(TARGET_NAME)";
				SDKROOT = auto;
				SUPPORTED_PLATFORMS = "iphoneos iphonesimulator macosx";
				SWIFT_EMIT_LOC_STRINGS = NO;
				SWIFT_VERSION = 5.0;
				TARGETED_DEVICE_FAMILY = "1,2";
				TEST_HOST = "$(BUILT_PRODUCTS_DIR)/Weather.app/$(BUNDLE_EXECUTABLE_FOLDER_PATH)/Weather";
			};
			name = Release;
		};
/* End XCBuildConfiguration section */

/* Begin XCConfigurationList section */
		D21226D72A41933F009205E0 /* Build configuration list for PBXNativeTarget "ImageManagerTests" */ = {
			isa = XCConfigurationList;
			buildConfigurations = (
				D21226D52A41933F009205E0 /* Debug */,
				D21226D62A41933F009205E0 /* Release */,
			);
			defaultConfigurationIsVisible = 0;
			defaultConfigurationName = Release;
		};
		D22BC1EA2A3956AC00CD5D2F /* Build configuration list for PBXNativeTarget "ObservableTests" */ = {
			isa = XCConfigurationList;
			buildConfigurations = (
				D22BC1EB2A3956AC00CD5D2F /* Debug */,
				D22BC1EC2A3956AC00CD5D2F /* Release */,
			);
			defaultConfigurationIsVisible = 0;
			defaultConfigurationName = Release;
		};
		D22BC1F82A39618E00CD5D2F /* Build configuration list for PBXNativeTarget "WeatherViewModelTests" */ = {
			isa = XCConfigurationList;
			buildConfigurations = (
				D22BC1F92A39618E00CD5D2F /* Debug */,
				D22BC1FA2A39618E00CD5D2F /* Release */,
			);
			defaultConfigurationIsVisible = 0;
			defaultConfigurationName = Release;
		};
		D23664002A2A010C00D6CDD6 /* Build configuration list for PBXNativeTarget "NetworkRepositoryTests" */ = {
			isa = XCConfigurationList;
			buildConfigurations = (
				D23664012A2A010C00D6CDD6 /* Debug */,
				D23664022A2A010C00D6CDD6 /* Release */,
			);
			defaultConfigurationIsVisible = 0;
			defaultConfigurationName = Release;
		};
		D275F6302A3D8559002EB932 /* Build configuration list for PBXNativeTarget "MemoryCacheStorageTests" */ = {
			isa = XCConfigurationList;
			buildConfigurations = (
				D275F6312A3D8559002EB932 /* Debug */,
				D275F6322A3D8559002EB932 /* Release */,
			);
			defaultConfigurationIsVisible = 0;
			defaultConfigurationName = Release;
		};
		D276AB7D2A29F225007E3677 /* Build configuration list for PBXNativeTarget "URLSessionTests" */ = {
			isa = XCConfigurationList;
			buildConfigurations = (
				D276AB7E2A29F225007E3677 /* Debug */,
				D276AB7F2A29F225007E3677 /* Release */,
			);
			defaultConfigurationIsVisible = 0;
			defaultConfigurationName = Release;
		};
		D28E95472A367D200076A8FA /* Build configuration list for PBXNativeTarget "NetworkServiceTests" */ = {
			isa = XCConfigurationList;
			buildConfigurations = (
				D28E95482A367D200076A8FA /* Debug */,
				D28E95492A367D200076A8FA /* Release */,
			);
			defaultConfigurationIsVisible = 0;
			defaultConfigurationName = Release;
		};
		D28E95562A384EC10076A8FA /* Build configuration list for PBXNativeTarget "ProcessWeatherUsecaseTests" */ = {
			isa = XCConfigurationList;
			buildConfigurations = (
				D28E95572A384EC10076A8FA /* Debug */,
				D28E95582A384EC10076A8FA /* Release */,
			);
			defaultConfigurationIsVisible = 0;
			defaultConfigurationName = Release;
		};
		D2D3FCA32A1DB83E000039FD /* Build configuration list for PBXProject "Weather" */ = {
			isa = XCConfigurationList;
			buildConfigurations = (
				D2D3FCBA2A1DB841000039FD /* Debug */,
				D2D3FCBB2A1DB841000039FD /* Release */,
			);
			defaultConfigurationIsVisible = 0;
			defaultConfigurationName = Release;
		};
		D2D3FCBC2A1DB841000039FD /* Build configuration list for PBXNativeTarget "Weather" */ = {
			isa = XCConfigurationList;
			buildConfigurations = (
				D2D3FCBD2A1DB841000039FD /* Debug */,
				D2D3FCBE2A1DB841000039FD /* Release */,
			);
			defaultConfigurationIsVisible = 0;
			defaultConfigurationName = Release;
		};
		D2E5A1C92A3FD40F00392D4E /* Build configuration list for PBXNativeTarget "DiskStorageTests" */ = {
			isa = XCConfigurationList;
			buildConfigurations = (
				D2E5A1C72A3FD40F00392D4E /* Debug */,
				D2E5A1C82A3FD40F00392D4E /* Release */,
			);
			defaultConfigurationIsVisible = 0;
			defaultConfigurationName = Release;
		};
/* End XCConfigurationList section */
	};
	rootObject = D2D3FCA02A1DB83E000039FD /* Project object */;
}
